// !$*UTF8*$!
{
	archiveVersion = 1;
	classes = {
	};
	objectVersion = 56;
	objects = {

/* Begin PBXBuildFile section */
		BA75C8FC2A209E98008C3745 /* LoginActionable.swift in Sources */ = {isa = PBXBuildFile; fileRef = BA75C8F42A209E98008C3745 /* LoginActionable.swift */; };
		BA75C8FD2A209E98008C3745 /* LoginPresenter.swift in Sources */ = {isa = PBXBuildFile; fileRef = BA75C8F52A209E98008C3745 /* LoginPresenter.swift */; };
		BA75C9002A209E98008C3745 /* LoginParameterable.swift in Sources */ = {isa = PBXBuildFile; fileRef = BA75C8F82A209E98008C3745 /* LoginParameterable.swift */; };
		BA75C9022A209E98008C3745 /* LoginCoordinating.swift in Sources */ = {isa = PBXBuildFile; fileRef = BA75C8FA2A209E98008C3745 /* LoginCoordinating.swift */; };
		BA75C9032A209E98008C3745 /* LoginWireframe.swift in Sources */ = {isa = PBXBuildFile; fileRef = BA75C8FB2A209E98008C3745 /* LoginWireframe.swift */; };
		BA75C9122A20A070008C3745 /* Presentable.swift in Sources */ = {isa = PBXBuildFile; fileRef = BA75C9112A20A070008C3745 /* Presentable.swift */; };
		BA75C9162A20A25E008C3745 /* LoginCoordinator.swift in Sources */ = {isa = PBXBuildFile; fileRef = BA75C9152A20A25E008C3745 /* LoginCoordinator.swift */; };
		BA75C9182A20A5D2008C3745 /* Parameters.swift in Sources */ = {isa = PBXBuildFile; fileRef = BA75C9172A20A5D1008C3745 /* Parameters.swift */; };
		BA75C91A2A20A5E4008C3745 /* Actions.swift in Sources */ = {isa = PBXBuildFile; fileRef = BA75C9192A20A5E4008C3745 /* Actions.swift */; };
		BA75C9222A20E313008C3745 /* PhoneNumberActionable.swift in Sources */ = {isa = PBXBuildFile; fileRef = BA75C91B2A20E313008C3745 /* PhoneNumberActionable.swift */; };
		BA75C9232A20E313008C3745 /* PhoneNumberPresenter.swift in Sources */ = {isa = PBXBuildFile; fileRef = BA75C91C2A20E313008C3745 /* PhoneNumberPresenter.swift */; };
		BA75C9242A20E313008C3745 /* PhoneNumberViewController.storyboard in Resources */ = {isa = PBXBuildFile; fileRef = BA75C91D2A20E313008C3745 /* PhoneNumberViewController.storyboard */; };
		BA75C9252A20E313008C3745 /* PhoneNumberViewController.swift in Sources */ = {isa = PBXBuildFile; fileRef = BA75C91E2A20E313008C3745 /* PhoneNumberViewController.swift */; };
		BA75C9262A20E313008C3745 /* PhoneNumberParameterable.swift in Sources */ = {isa = PBXBuildFile; fileRef = BA75C91F2A20E313008C3745 /* PhoneNumberParameterable.swift */; };
		BA75C9272A20E313008C3745 /* PhoneNumberCoordinating.swift in Sources */ = {isa = PBXBuildFile; fileRef = BA75C9202A20E313008C3745 /* PhoneNumberCoordinating.swift */; };
		BA75C9282A20E313008C3745 /* PhoneNumberWireframe.swift in Sources */ = {isa = PBXBuildFile; fileRef = BA75C9212A20E313008C3745 /* PhoneNumberWireframe.swift */; };
		BA75C92B2A20F6E7008C3745 /* UIViewController+Extension.swift in Sources */ = {isa = PBXBuildFile; fileRef = BA75C92A2A20F6E7008C3745 /* UIViewController+Extension.swift */; };
		BA75C92D2A212112008C3745 /* BaseViewController.swift in Sources */ = {isa = PBXBuildFile; fileRef = BA75C92C2A212112008C3745 /* BaseViewController.swift */; };
		BA75C92F2A212488008C3745 /* UITextfield+Extension.swift in Sources */ = {isa = PBXBuildFile; fileRef = BA75C92E2A212488008C3745 /* UITextfield+Extension.swift */; };
		BA75C93A2A21F664008C3745 /* PhoneExtensionActionable.swift in Sources */ = {isa = PBXBuildFile; fileRef = BA75C9312A21F664008C3745 /* PhoneExtensionActionable.swift */; };
		BA75C93B2A21F664008C3745 /* PhoneExtensionPresenter.swift in Sources */ = {isa = PBXBuildFile; fileRef = BA75C9322A21F664008C3745 /* PhoneExtensionPresenter.swift */; };
		BA75C93E2A21F664008C3745 /* PhoneExtensionViewController.swift in Sources */ = {isa = PBXBuildFile; fileRef = BA75C9352A21F664008C3745 /* PhoneExtensionViewController.swift */; };
		BA75C93F2A21F664008C3745 /* PhoneExtensionParameterable.swift in Sources */ = {isa = PBXBuildFile; fileRef = BA75C9362A21F664008C3745 /* PhoneExtensionParameterable.swift */; };
		BA75C9412A21F664008C3745 /* PhoneExtensionCoordinating.swift in Sources */ = {isa = PBXBuildFile; fileRef = BA75C9382A21F664008C3745 /* PhoneExtensionCoordinating.swift */; };
		BA75C9422A21F664008C3745 /* PhoneExtensionWireframe.swift in Sources */ = {isa = PBXBuildFile; fileRef = BA75C9392A21F664008C3745 /* PhoneExtensionWireframe.swift */; };
		BA75C9502A21F85C008C3745 /* UITableView+Extension.swift in Sources */ = {isa = PBXBuildFile; fileRef = BA75C94F2A21F85C008C3745 /* UITableView+Extension.swift */; };
		BA75C9542A21F98C008C3745 /* CountryExtensionCell.swift in Sources */ = {isa = PBXBuildFile; fileRef = BA75C9522A21F98C008C3745 /* CountryExtensionCell.swift */; };
		BA75C9552A21F98C008C3745 /* CountryExtensionCell.xib in Resources */ = {isa = PBXBuildFile; fileRef = BA75C9532A21F98C008C3745 /* CountryExtensionCell.xib */; };
		BA75C9572A21FAF7008C3745 /* CountryExtension.swift in Sources */ = {isa = PBXBuildFile; fileRef = BA75C9562A21FAF7008C3745 /* CountryExtension.swift */; };
		BA75C95A2A21FC7A008C3745 /* CountryCodes.json in Resources */ = {isa = PBXBuildFile; fileRef = BA75C9592A21FC7A008C3745 /* CountryCodes.json */; };
		BA75C95E2A21FF35008C3745 /* StaticDataProvider.swift in Sources */ = {isa = PBXBuildFile; fileRef = BA75C95D2A21FF35008C3745 /* StaticDataProvider.swift */; };
		BA75C9602A21FF68008C3745 /* StaticEndPoints.swift in Sources */ = {isa = PBXBuildFile; fileRef = BA75C95F2A21FF68008C3745 /* StaticEndPoints.swift */; };
		BA75C9622A2200F4008C3745 /* JSONResolver.swift in Sources */ = {isa = PBXBuildFile; fileRef = BA75C9612A2200F4008C3745 /* JSONResolver.swift */; };
		BA75C9702A22300D008C3745 /* CountriesResponse.swift in Sources */ = {isa = PBXBuildFile; fileRef = BA75C96F2A22300D008C3745 /* CountriesResponse.swift */; };
		BA75C9732A223059008C3745 /* JSONResolver+Countries.swift in Sources */ = {isa = PBXBuildFile; fileRef = BA75C9722A223059008C3745 /* JSONResolver+Countries.swift */; };
		BA75C9752A2662A8008C3745 /* DataProviders.swift in Sources */ = {isa = PBXBuildFile; fileRef = BA75C9742A2662A8008C3745 /* DataProviders.swift */; };
		BA75C9772A267541008C3745 /* CountriesCollection.swift in Sources */ = {isa = PBXBuildFile; fileRef = BA75C9762A267541008C3745 /* CountriesCollection.swift */; };
		BA8CCAA42A1F741700903794 /* AppDelegate.swift in Sources */ = {isa = PBXBuildFile; fileRef = BA8CCAA32A1F741700903794 /* AppDelegate.swift */; };
		BA8CCAA62A1F741700903794 /* SceneDelegate.swift in Sources */ = {isa = PBXBuildFile; fileRef = BA8CCAA52A1F741700903794 /* SceneDelegate.swift */; };
		BA8CCAA82A1F741700903794 /* MainViewController.swift in Sources */ = {isa = PBXBuildFile; fileRef = BA8CCAA72A1F741700903794 /* MainViewController.swift */; };
		BA8CCAAB2A1F741700903794 /* Main.storyboard in Resources */ = {isa = PBXBuildFile; fileRef = BA8CCAA92A1F741700903794 /* Main.storyboard */; };
		BA8CCAAD2A1F741800903794 /* Assets.xcassets in Resources */ = {isa = PBXBuildFile; fileRef = BA8CCAAC2A1F741800903794 /* Assets.xcassets */; };
		BA8CCAB02A1F741800903794 /* LaunchScreen.storyboard in Resources */ = {isa = PBXBuildFile; fileRef = BA8CCAAE2A1F741800903794 /* LaunchScreen.storyboard */; };
		BA8CCABB2A1F741800903794 /* FriendlyTests.swift in Sources */ = {isa = PBXBuildFile; fileRef = BA8CCABA2A1F741800903794 /* FriendlyTests.swift */; };
		BA8CCAC52A1F741800903794 /* FriendlyUITests.swift in Sources */ = {isa = PBXBuildFile; fileRef = BA8CCAC42A1F741800903794 /* FriendlyUITests.swift */; };
		BA8CCAC72A1F741800903794 /* FriendlyUITestsLaunchTests.swift in Sources */ = {isa = PBXBuildFile; fileRef = BA8CCAC62A1F741800903794 /* FriendlyUITestsLaunchTests.swift */; };
		BA8CCAD52A1F74EF00903794 /* CombineMoya in Frameworks */ = {isa = PBXBuildFile; productRef = BA8CCAD42A1F74EF00903794 /* CombineMoya */; };
		BA8CCAD72A1F74EF00903794 /* Moya in Frameworks */ = {isa = PBXBuildFile; productRef = BA8CCAD62A1F74EF00903794 /* Moya */; };
		BA8CCAD92A1F74EF00903794 /* RxMoya in Frameworks */ = {isa = PBXBuildFile; productRef = BA8CCAD82A1F74EF00903794 /* RxMoya */; };
		BA8CCADC2A1F750500903794 /* SourceModel in Frameworks */ = {isa = PBXBuildFile; productRef = BA8CCADB2A1F750500903794 /* SourceModel */; };
		BA8CCADF2A1F751D00903794 /* SDWebImage in Frameworks */ = {isa = PBXBuildFile; productRef = BA8CCADE2A1F751D00903794 /* SDWebImage */; };
		BA8CCAE22A1F759000903794 /* Lottie in Frameworks */ = {isa = PBXBuildFile; productRef = BA8CCAE12A1F759000903794 /* Lottie */; };
		BA8CCAF12A1F764800903794 /* Coordinator.swift in Sources */ = {isa = PBXBuildFile; fileRef = BA8CCAF02A1F764800903794 /* Coordinator.swift */; };
		BA8CCAF32A1F7C5000903794 /* Storyboarded.swift in Sources */ = {isa = PBXBuildFile; fileRef = BA8CCAF22A1F7C5000903794 /* Storyboarded.swift */; };
		BA8CCAF62A1F7E6300903794 /* MainCoordinator.swift in Sources */ = {isa = PBXBuildFile; fileRef = BA8CCAF52A1F7E6300903794 /* MainCoordinator.swift */; };
		BA8CCAFB2A1FA71900903794 /* ProfileViewController.swift in Sources */ = {isa = PBXBuildFile; fileRef = BA8CCAFA2A1FA71900903794 /* ProfileViewController.swift */; };
		BA8CCAFE2A1FAF9400903794 /* NetworkManager.swift in Sources */ = {isa = PBXBuildFile; fileRef = BA8CCAFD2A1FAF9400903794 /* NetworkManager.swift */; };
		BA8CCB012A1FAFEF00903794 /* Data+Extension.swift in Sources */ = {isa = PBXBuildFile; fileRef = BA8CCB002A1FAFEF00903794 /* Data+Extension.swift */; };
		BA8CCB052A1FB05000903794 /* Constants.swift in Sources */ = {isa = PBXBuildFile; fileRef = BA8CCB042A1FB05000903794 /* Constants.swift */; };
		BA8CCB122A1FB35700903794 /* Localizable.strings in Resources */ = {isa = PBXBuildFile; fileRef = BA8CCB142A1FB35700903794 /* Localizable.strings */; };
		BA8CCB172A1FB38800903794 /* Translations.swift in Sources */ = {isa = PBXBuildFile; fileRef = BA8CCB162A1FB38800903794 /* Translations.swift */; };
		BA8CCB312A1FC20F00903794 /* LoginViewController.swift in Sources */ = {isa = PBXBuildFile; fileRef = BA8CCB302A1FC20F00903794 /* LoginViewController.swift */; };
		BA8CCB332A1FC84600903794 /* UIButton+Extension.swift in Sources */ = {isa = PBXBuildFile; fileRef = BA8CCB322A1FC84600903794 /* UIButton+Extension.swift */; };
		BA8CCB352A1FC89500903794 /* UILabel+Extension.swift in Sources */ = {isa = PBXBuildFile; fileRef = BA8CCB342A1FC89500903794 /* UILabel+Extension.swift */; };
		BA8CCB372A1FC8D200903794 /* UIView+Extension.swift in Sources */ = {isa = PBXBuildFile; fileRef = BA8CCB362A1FC8D200903794 /* UIView+Extension.swift */; };
		BA8CCB3A2A2008D100903794 /* String+Extension.swift in Sources */ = {isa = PBXBuildFile; fileRef = BA8CCB392A2008D100903794 /* String+Extension.swift */; };
/* End PBXBuildFile section */

/* Begin PBXContainerItemProxy section */
		BA8CCAB72A1F741800903794 /* PBXContainerItemProxy */ = {
			isa = PBXContainerItemProxy;
			containerPortal = BA8CCA982A1F741700903794 /* Project object */;
			proxyType = 1;
			remoteGlobalIDString = BA8CCA9F2A1F741700903794;
			remoteInfo = Friendly;
		};
		BA8CCAC12A1F741800903794 /* PBXContainerItemProxy */ = {
			isa = PBXContainerItemProxy;
			containerPortal = BA8CCA982A1F741700903794 /* Project object */;
			proxyType = 1;
			remoteGlobalIDString = BA8CCA9F2A1F741700903794;
			remoteInfo = Friendly;
		};
/* End PBXContainerItemProxy section */

/* Begin PBXCopyFilesBuildPhase section */
		BA8CCB2D2A1FB52400903794 /* Embed Foundation Extensions */ = {
			isa = PBXCopyFilesBuildPhase;
			buildActionMask = 2147483647;
			dstPath = "";
			dstSubfolderSpec = 13;
			files = (
			);
			name = "Embed Foundation Extensions";
			runOnlyForDeploymentPostprocessing = 0;
		};
/* End PBXCopyFilesBuildPhase section */

/* Begin PBXFileReference section */
		BA75C8F42A209E98008C3745 /* LoginActionable.swift */ = {isa = PBXFileReference; lastKnownFileType = sourcecode.swift; path = LoginActionable.swift; sourceTree = "<group>"; };
		BA75C8F52A209E98008C3745 /* LoginPresenter.swift */ = {isa = PBXFileReference; lastKnownFileType = sourcecode.swift; path = LoginPresenter.swift; sourceTree = "<group>"; };
		BA75C8F82A209E98008C3745 /* LoginParameterable.swift */ = {isa = PBXFileReference; lastKnownFileType = sourcecode.swift; path = LoginParameterable.swift; sourceTree = "<group>"; };
		BA75C8FA2A209E98008C3745 /* LoginCoordinating.swift */ = {isa = PBXFileReference; lastKnownFileType = sourcecode.swift; path = LoginCoordinating.swift; sourceTree = "<group>"; };
		BA75C8FB2A209E98008C3745 /* LoginWireframe.swift */ = {isa = PBXFileReference; lastKnownFileType = sourcecode.swift; path = LoginWireframe.swift; sourceTree = "<group>"; };
		BA75C9112A20A070008C3745 /* Presentable.swift */ = {isa = PBXFileReference; lastKnownFileType = sourcecode.swift; path = Presentable.swift; sourceTree = "<group>"; };
		BA75C9152A20A25E008C3745 /* LoginCoordinator.swift */ = {isa = PBXFileReference; lastKnownFileType = sourcecode.swift; path = LoginCoordinator.swift; sourceTree = "<group>"; };
		BA75C9172A20A5D1008C3745 /* Parameters.swift */ = {isa = PBXFileReference; lastKnownFileType = sourcecode.swift; path = Parameters.swift; sourceTree = "<group>"; };
		BA75C9192A20A5E4008C3745 /* Actions.swift */ = {isa = PBXFileReference; lastKnownFileType = sourcecode.swift; path = Actions.swift; sourceTree = "<group>"; };
		BA75C91B2A20E313008C3745 /* PhoneNumberActionable.swift */ = {isa = PBXFileReference; lastKnownFileType = sourcecode.swift; path = PhoneNumberActionable.swift; sourceTree = "<group>"; };
		BA75C91C2A20E313008C3745 /* PhoneNumberPresenter.swift */ = {isa = PBXFileReference; lastKnownFileType = sourcecode.swift; path = PhoneNumberPresenter.swift; sourceTree = "<group>"; };
		BA75C91D2A20E313008C3745 /* PhoneNumberViewController.storyboard */ = {isa = PBXFileReference; lastKnownFileType = file.storyboard; path = PhoneNumberViewController.storyboard; sourceTree = "<group>"; };
		BA75C91E2A20E313008C3745 /* PhoneNumberViewController.swift */ = {isa = PBXFileReference; lastKnownFileType = sourcecode.swift; path = PhoneNumberViewController.swift; sourceTree = "<group>"; };
		BA75C91F2A20E313008C3745 /* PhoneNumberParameterable.swift */ = {isa = PBXFileReference; lastKnownFileType = sourcecode.swift; path = PhoneNumberParameterable.swift; sourceTree = "<group>"; };
		BA75C9202A20E313008C3745 /* PhoneNumberCoordinating.swift */ = {isa = PBXFileReference; lastKnownFileType = sourcecode.swift; path = PhoneNumberCoordinating.swift; sourceTree = "<group>"; };
		BA75C9212A20E313008C3745 /* PhoneNumberWireframe.swift */ = {isa = PBXFileReference; lastKnownFileType = sourcecode.swift; path = PhoneNumberWireframe.swift; sourceTree = "<group>"; };
		BA75C92A2A20F6E7008C3745 /* UIViewController+Extension.swift */ = {isa = PBXFileReference; lastKnownFileType = sourcecode.swift; path = "UIViewController+Extension.swift"; sourceTree = "<group>"; };
		BA75C92C2A212112008C3745 /* BaseViewController.swift */ = {isa = PBXFileReference; lastKnownFileType = sourcecode.swift; path = BaseViewController.swift; sourceTree = "<group>"; };
		BA75C92E2A212488008C3745 /* UITextfield+Extension.swift */ = {isa = PBXFileReference; lastKnownFileType = sourcecode.swift; path = "UITextfield+Extension.swift"; sourceTree = "<group>"; };
		BA75C9312A21F664008C3745 /* PhoneExtensionActionable.swift */ = {isa = PBXFileReference; lastKnownFileType = sourcecode.swift; path = PhoneExtensionActionable.swift; sourceTree = "<group>"; };
		BA75C9322A21F664008C3745 /* PhoneExtensionPresenter.swift */ = {isa = PBXFileReference; lastKnownFileType = sourcecode.swift; path = PhoneExtensionPresenter.swift; sourceTree = "<group>"; };
		BA75C9352A21F664008C3745 /* PhoneExtensionViewController.swift */ = {isa = PBXFileReference; lastKnownFileType = sourcecode.swift; path = PhoneExtensionViewController.swift; sourceTree = "<group>"; };
		BA75C9362A21F664008C3745 /* PhoneExtensionParameterable.swift */ = {isa = PBXFileReference; lastKnownFileType = sourcecode.swift; path = PhoneExtensionParameterable.swift; sourceTree = "<group>"; };
		BA75C9382A21F664008C3745 /* PhoneExtensionCoordinating.swift */ = {isa = PBXFileReference; lastKnownFileType = sourcecode.swift; path = PhoneExtensionCoordinating.swift; sourceTree = "<group>"; };
		BA75C9392A21F664008C3745 /* PhoneExtensionWireframe.swift */ = {isa = PBXFileReference; lastKnownFileType = sourcecode.swift; path = PhoneExtensionWireframe.swift; sourceTree = "<group>"; };
		BA75C94F2A21F85C008C3745 /* UITableView+Extension.swift */ = {isa = PBXFileReference; lastKnownFileType = sourcecode.swift; path = "UITableView+Extension.swift"; sourceTree = "<group>"; };
		BA75C9522A21F98C008C3745 /* CountryExtensionCell.swift */ = {isa = PBXFileReference; lastKnownFileType = sourcecode.swift; path = CountryExtensionCell.swift; sourceTree = "<group>"; };
		BA75C9532A21F98C008C3745 /* CountryExtensionCell.xib */ = {isa = PBXFileReference; lastKnownFileType = file.xib; path = CountryExtensionCell.xib; sourceTree = "<group>"; };
		BA75C9562A21FAF7008C3745 /* CountryExtension.swift */ = {isa = PBXFileReference; lastKnownFileType = sourcecode.swift; path = CountryExtension.swift; sourceTree = "<group>"; };
		BA75C9592A21FC7A008C3745 /* CountryCodes.json */ = {isa = PBXFileReference; fileEncoding = 4; lastKnownFileType = text.json; path = CountryCodes.json; sourceTree = "<group>"; };
		BA75C95D2A21FF35008C3745 /* StaticDataProvider.swift */ = {isa = PBXFileReference; lastKnownFileType = sourcecode.swift; path = StaticDataProvider.swift; sourceTree = "<group>"; };
		BA75C95F2A21FF68008C3745 /* StaticEndPoints.swift */ = {isa = PBXFileReference; lastKnownFileType = sourcecode.swift; path = StaticEndPoints.swift; sourceTree = "<group>"; };
		BA75C9612A2200F4008C3745 /* JSONResolver.swift */ = {isa = PBXFileReference; lastKnownFileType = sourcecode.swift; path = JSONResolver.swift; sourceTree = "<group>"; };
		BA75C96F2A22300D008C3745 /* CountriesResponse.swift */ = {isa = PBXFileReference; lastKnownFileType = sourcecode.swift; path = CountriesResponse.swift; sourceTree = "<group>"; };
		BA75C9722A223059008C3745 /* JSONResolver+Countries.swift */ = {isa = PBXFileReference; lastKnownFileType = sourcecode.swift; path = "JSONResolver+Countries.swift"; sourceTree = "<group>"; };
		BA75C9742A2662A8008C3745 /* DataProviders.swift */ = {isa = PBXFileReference; lastKnownFileType = sourcecode.swift; path = DataProviders.swift; sourceTree = "<group>"; };
		BA75C9762A267541008C3745 /* CountriesCollection.swift */ = {isa = PBXFileReference; lastKnownFileType = sourcecode.swift; path = CountriesCollection.swift; sourceTree = "<group>"; };
		BA8CCAA02A1F741700903794 /* Friendly.app */ = {isa = PBXFileReference; explicitFileType = wrapper.application; includeInIndex = 0; path = Friendly.app; sourceTree = BUILT_PRODUCTS_DIR; };
		BA8CCAA32A1F741700903794 /* AppDelegate.swift */ = {isa = PBXFileReference; lastKnownFileType = sourcecode.swift; path = AppDelegate.swift; sourceTree = "<group>"; };
		BA8CCAA52A1F741700903794 /* SceneDelegate.swift */ = {isa = PBXFileReference; lastKnownFileType = sourcecode.swift; path = SceneDelegate.swift; sourceTree = "<group>"; };
		BA8CCAA72A1F741700903794 /* MainViewController.swift */ = {isa = PBXFileReference; lastKnownFileType = sourcecode.swift; path = MainViewController.swift; sourceTree = "<group>"; };
		BA8CCAAA2A1F741700903794 /* Base */ = {isa = PBXFileReference; lastKnownFileType = file.storyboard; name = Base; path = Base.lproj/Main.storyboard; sourceTree = "<group>"; };
		BA8CCAAC2A1F741800903794 /* Assets.xcassets */ = {isa = PBXFileReference; lastKnownFileType = folder.assetcatalog; path = Assets.xcassets; sourceTree = "<group>"; };
		BA8CCAAF2A1F741800903794 /* Base */ = {isa = PBXFileReference; lastKnownFileType = file.storyboard; name = Base; path = Base.lproj/LaunchScreen.storyboard; sourceTree = "<group>"; };
		BA8CCAB12A1F741800903794 /* Info.plist */ = {isa = PBXFileReference; lastKnownFileType = text.plist.xml; path = Info.plist; sourceTree = "<group>"; };
		BA8CCAB62A1F741800903794 /* FriendlyTests.xctest */ = {isa = PBXFileReference; explicitFileType = wrapper.cfbundle; includeInIndex = 0; path = FriendlyTests.xctest; sourceTree = BUILT_PRODUCTS_DIR; };
		BA8CCABA2A1F741800903794 /* FriendlyTests.swift */ = {isa = PBXFileReference; lastKnownFileType = sourcecode.swift; path = FriendlyTests.swift; sourceTree = "<group>"; };
		BA8CCAC02A1F741800903794 /* FriendlyUITests.xctest */ = {isa = PBXFileReference; explicitFileType = wrapper.cfbundle; includeInIndex = 0; path = FriendlyUITests.xctest; sourceTree = BUILT_PRODUCTS_DIR; };
		BA8CCAC42A1F741800903794 /* FriendlyUITests.swift */ = {isa = PBXFileReference; lastKnownFileType = sourcecode.swift; path = FriendlyUITests.swift; sourceTree = "<group>"; };
		BA8CCAC62A1F741800903794 /* FriendlyUITestsLaunchTests.swift */ = {isa = PBXFileReference; lastKnownFileType = sourcecode.swift; path = FriendlyUITestsLaunchTests.swift; sourceTree = "<group>"; };
		BA8CCAF02A1F764800903794 /* Coordinator.swift */ = {isa = PBXFileReference; lastKnownFileType = sourcecode.swift; path = Coordinator.swift; sourceTree = "<group>"; };
		BA8CCAF22A1F7C5000903794 /* Storyboarded.swift */ = {isa = PBXFileReference; lastKnownFileType = sourcecode.swift; path = Storyboarded.swift; sourceTree = "<group>"; };
		BA8CCAF52A1F7E6300903794 /* MainCoordinator.swift */ = {isa = PBXFileReference; lastKnownFileType = sourcecode.swift; path = MainCoordinator.swift; sourceTree = "<group>"; };
		BA8CCAFA2A1FA71900903794 /* ProfileViewController.swift */ = {isa = PBXFileReference; lastKnownFileType = sourcecode.swift; path = ProfileViewController.swift; sourceTree = "<group>"; };
		BA8CCAFD2A1FAF9400903794 /* NetworkManager.swift */ = {isa = PBXFileReference; lastKnownFileType = sourcecode.swift; path = NetworkManager.swift; sourceTree = "<group>"; };
		BA8CCB002A1FAFEF00903794 /* Data+Extension.swift */ = {isa = PBXFileReference; lastKnownFileType = sourcecode.swift; path = "Data+Extension.swift"; sourceTree = "<group>"; };
		BA8CCB042A1FB05000903794 /* Constants.swift */ = {isa = PBXFileReference; lastKnownFileType = sourcecode.swift; path = Constants.swift; sourceTree = "<group>"; };
		BA8CCB132A1FB35700903794 /* en */ = {isa = PBXFileReference; lastKnownFileType = text.plist.strings; name = en; path = en.lproj/Localizable.strings; sourceTree = "<group>"; };
		BA8CCB152A1FB35B00903794 /* he */ = {isa = PBXFileReference; lastKnownFileType = text.plist.strings; name = he; path = he.lproj/Localizable.strings; sourceTree = "<group>"; };
		BA8CCB162A1FB38800903794 /* Translations.swift */ = {isa = PBXFileReference; lastKnownFileType = sourcecode.swift; path = Translations.swift; sourceTree = "<group>"; };
		BA8CCB1E2A1FB52400903794 /* AuthenticationServices.framework */ = {isa = PBXFileReference; lastKnownFileType = wrapper.framework; name = AuthenticationServices.framework; path = System/Library/Frameworks/AuthenticationServices.framework; sourceTree = SDKROOT; };
		BA8CCB212A1FB52400903794 /* AccountAuthenticationModificationViewController.swift */ = {isa = PBXFileReference; lastKnownFileType = sourcecode.swift; path = AccountAuthenticationModificationViewController.swift; sourceTree = "<group>"; };
		BA8CCB242A1FB52400903794 /* Base */ = {isa = PBXFileReference; lastKnownFileType = file.storyboard; name = Base; path = Base.lproj/MainInterface.storyboard; sourceTree = "<group>"; };
		BA8CCB262A1FB52400903794 /* Info.plist */ = {isa = PBXFileReference; lastKnownFileType = text.plist.xml; path = Info.plist; sourceTree = "<group>"; };
		BA8CCB302A1FC20F00903794 /* LoginViewController.swift */ = {isa = PBXFileReference; lastKnownFileType = sourcecode.swift; path = LoginViewController.swift; sourceTree = "<group>"; };
		BA8CCB322A1FC84600903794 /* UIButton+Extension.swift */ = {isa = PBXFileReference; lastKnownFileType = sourcecode.swift; path = "UIButton+Extension.swift"; sourceTree = "<group>"; };
		BA8CCB342A1FC89500903794 /* UILabel+Extension.swift */ = {isa = PBXFileReference; lastKnownFileType = sourcecode.swift; path = "UILabel+Extension.swift"; sourceTree = "<group>"; };
		BA8CCB362A1FC8D200903794 /* UIView+Extension.swift */ = {isa = PBXFileReference; lastKnownFileType = sourcecode.swift; path = "UIView+Extension.swift"; sourceTree = "<group>"; };
		BA8CCB392A2008D100903794 /* String+Extension.swift */ = {isa = PBXFileReference; lastKnownFileType = sourcecode.swift; path = "String+Extension.swift"; sourceTree = "<group>"; };
		BA8CCB3B2A208B5400903794 /* Friendly.entitlements */ = {isa = PBXFileReference; lastKnownFileType = text.plist.entitlements; path = Friendly.entitlements; sourceTree = "<group>"; };
/* End PBXFileReference section */

/* Begin PBXFrameworksBuildPhase section */
		BA8CCA9D2A1F741700903794 /* Frameworks */ = {
			isa = PBXFrameworksBuildPhase;
			buildActionMask = 2147483647;
			files = (
				BA8CCAD92A1F74EF00903794 /* RxMoya in Frameworks */,
				BA8CCADC2A1F750500903794 /* SourceModel in Frameworks */,
				BA8CCAD72A1F74EF00903794 /* Moya in Frameworks */,
				BA8CCAD52A1F74EF00903794 /* CombineMoya in Frameworks */,
				BA8CCADF2A1F751D00903794 /* SDWebImage in Frameworks */,
				BA8CCAE22A1F759000903794 /* Lottie in Frameworks */,
			);
			runOnlyForDeploymentPostprocessing = 0;
		};
		BA8CCAB32A1F741800903794 /* Frameworks */ = {
			isa = PBXFrameworksBuildPhase;
			buildActionMask = 2147483647;
			files = (
			);
			runOnlyForDeploymentPostprocessing = 0;
		};
		BA8CCABD2A1F741800903794 /* Frameworks */ = {
			isa = PBXFrameworksBuildPhase;
			buildActionMask = 2147483647;
			files = (
			);
			runOnlyForDeploymentPostprocessing = 0;
		};
/* End PBXFrameworksBuildPhase section */

/* Begin PBXGroup section */
		BA75C9042A20A007008C3745 /* Coordinator */ = {
			isa = PBXGroup;
			children = (
				BA8CCAF02A1F764800903794 /* Coordinator.swift */,
				BA75C9382A21F664008C3745 /* PhoneExtensionCoordinating.swift */,
				BA75C9202A20E313008C3745 /* PhoneNumberCoordinating.swift */,
				BA75C8FA2A209E98008C3745 /* LoginCoordinating.swift */,
			);
			path = Coordinator;
			sourceTree = "<group>";
		};
		BA75C9132A20A239008C3745 /* Base */ = {
			isa = PBXGroup;
			children = (
				BA75C9142A20A23D008C3745 /* Child Coordinators */,
				BA75C9172A20A5D1008C3745 /* Parameters.swift */,
				BA75C9192A20A5E4008C3745 /* Actions.swift */,
				BA75C92C2A212112008C3745 /* BaseViewController.swift */,
			);
			path = Base;
			sourceTree = "<group>";
		};
		BA75C9142A20A23D008C3745 /* Child Coordinators */ = {
			isa = PBXGroup;
			children = (
				BA75C9152A20A25E008C3745 /* LoginCoordinator.swift */,
			);
			path = "Child Coordinators";
			sourceTree = "<group>";
		};
		BA75C9302A21F63D008C3745 /* CountryPhoneExtension */ = {
			isa = PBXGroup;
			children = (
				BA75C9512A21F951008C3745 /* Cells */,
				BA75C9312A21F664008C3745 /* PhoneExtensionActionable.swift */,
				BA75C9322A21F664008C3745 /* PhoneExtensionPresenter.swift */,
				BA75C9352A21F664008C3745 /* PhoneExtensionViewController.swift */,
				BA75C9362A21F664008C3745 /* PhoneExtensionParameterable.swift */,
				BA75C9392A21F664008C3745 /* PhoneExtensionWireframe.swift */,
			);
			path = CountryPhoneExtension;
			sourceTree = "<group>";
		};
		BA75C9512A21F951008C3745 /* Cells */ = {
			isa = PBXGroup;
			children = (
				BA75C9522A21F98C008C3745 /* CountryExtensionCell.swift */,
				BA75C9532A21F98C008C3745 /* CountryExtensionCell.xib */,
			);
			path = Cells;
			sourceTree = "<group>";
		};
		BA75C9582A21FC25008C3745 /* Static JSON */ = {
			isa = PBXGroup;
			children = (
				BA75C9592A21FC7A008C3745 /* CountryCodes.json */,
			);
			path = "Static JSON";
			sourceTree = "<group>";
		};
		BA75C95B2A21FF18008C3745 /* DataProviders */ = {
			isa = PBXGroup;
			children = (
				BA75C95D2A21FF35008C3745 /* StaticDataProvider.swift */,
				BA75C9742A2662A8008C3745 /* DataProviders.swift */,
			);
			path = DataProviders;
			sourceTree = "<group>";
		};
		BA75C95C2A21FF1D008C3745 /* EndPoints */ = {
			isa = PBXGroup;
			children = (
				BA75C95F2A21FF68008C3745 /* StaticEndPoints.swift */,
			);
			path = EndPoints;
			sourceTree = "<group>";
		};
		BA75C9712A223041008C3745 /* JSONResolver */ = {
			isa = PBXGroup;
			children = (
				BA75C9722A223059008C3745 /* JSONResolver+Countries.swift */,
			);
			path = JSONResolver;
			sourceTree = "<group>";
		};
		BA8CCA972A1F741700903794 = {
			isa = PBXGroup;
			children = (
				BA8CCAA22A1F741700903794 /* Friendly */,
				BA8CCAB92A1F741800903794 /* FriendlyTests */,
				BA8CCAC32A1F741800903794 /* FriendlyUITests */,
				BA8CCB202A1FB52400903794 /* Authenticate */,
				BA8CCB1D2A1FB52400903794 /* Frameworks */,
				BA8CCAA12A1F741700903794 /* Products */,
			);
			sourceTree = "<group>";
		};
		BA8CCAA12A1F741700903794 /* Products */ = {
			isa = PBXGroup;
			children = (
				BA8CCAA02A1F741700903794 /* Friendly.app */,
				BA8CCAB62A1F741800903794 /* FriendlyTests.xctest */,
				BA8CCAC02A1F741800903794 /* FriendlyUITests.xctest */,
			);
			name = Products;
			sourceTree = "<group>";
		};
		BA8CCAA22A1F741700903794 /* Friendly */ = {
			isa = PBXGroup;
			children = (
				BA8CCB3B2A208B5400903794 /* Friendly.entitlements */,
				BA8CCAFC2A1FAF8400903794 /* Networking */,
				BA8CCAF82A1FA6C500903794 /* Models */,
				BA8CCAF72A1FA6BF00903794 /* Modules */,
				BA8CCAF42A1F7E5300903794 /* Utilities */,
				BA8CCAA32A1F741700903794 /* AppDelegate.swift */,
				BA8CCAA52A1F741700903794 /* SceneDelegate.swift */,
				BA8CCAA72A1F741700903794 /* MainViewController.swift */,
				BA8CCAA92A1F741700903794 /* Main.storyboard */,
				BA8CCAAC2A1F741800903794 /* Assets.xcassets */,
				BA8CCAAE2A1F741800903794 /* LaunchScreen.storyboard */,
				BA8CCAB12A1F741800903794 /* Info.plist */,
			);
			path = Friendly;
			sourceTree = "<group>";
		};
		BA8CCAB92A1F741800903794 /* FriendlyTests */ = {
			isa = PBXGroup;
			children = (
				BA8CCABA2A1F741800903794 /* FriendlyTests.swift */,
			);
			path = FriendlyTests;
			sourceTree = "<group>";
		};
		BA8CCAC32A1F741800903794 /* FriendlyUITests */ = {
			isa = PBXGroup;
			children = (
				BA8CCAC42A1F741800903794 /* FriendlyUITests.swift */,
				BA8CCAC62A1F741800903794 /* FriendlyUITestsLaunchTests.swift */,
			);
			path = FriendlyUITests;
			sourceTree = "<group>";
		};
		BA8CCAEF2A1F763C00903794 /* Protocols */ = {
			isa = PBXGroup;
			children = (
				BA75C9042A20A007008C3745 /* Coordinator */,
				BA8CCAF22A1F7C5000903794 /* Storyboarded.swift */,
				BA75C9112A20A070008C3745 /* Presentable.swift */,
				BA75C9612A2200F4008C3745 /* JSONResolver.swift */,
			);
			path = Protocols;
			sourceTree = "<group>";
		};
		BA8CCAF42A1F7E5300903794 /* Utilities */ = {
			isa = PBXGroup;
			children = (
				BA75C9582A21FC25008C3745 /* Static JSON */,
				BA75C9132A20A239008C3745 /* Base */,
				BA8CCB062A1FB23E00903794 /* Localizable */,
				BA8CCAFF2A1FAFE300903794 /* Extensions */,
				BA8CCAEF2A1F763C00903794 /* Protocols */,
				BA8CCAF52A1F7E6300903794 /* MainCoordinator.swift */,
				BA8CCB042A1FB05000903794 /* Constants.swift */,
			);
			path = Utilities;
			sourceTree = "<group>";
		};
		BA8CCAF72A1FA6BF00903794 /* Modules */ = {
			isa = PBXGroup;
			children = (
				BA75C9302A21F63D008C3745 /* CountryPhoneExtension */,
				BA8CCB2F2A1FC1FA00903794 /* Login */,
				BA8CCB2E2A1FC1ED00903794 /* Registration */,
				BA8CCAF92A1FA6CB00903794 /* Profile */,
			);
			path = Modules;
			sourceTree = "<group>";
		};
		BA8CCAF82A1FA6C500903794 /* Models */ = {
			isa = PBXGroup;
			children = (
				BA75C9562A21FAF7008C3745 /* CountryExtension.swift */,
				BA75C96F2A22300D008C3745 /* CountriesResponse.swift */,
				BA75C9762A267541008C3745 /* CountriesCollection.swift */,
			);
			path = Models;
			sourceTree = "<group>";
		};
		BA8CCAF92A1FA6CB00903794 /* Profile */ = {
			isa = PBXGroup;
			children = (
				BA8CCAFA2A1FA71900903794 /* ProfileViewController.swift */,
			);
			path = Profile;
			sourceTree = "<group>";
		};
		BA8CCAFC2A1FAF8400903794 /* Networking */ = {
			isa = PBXGroup;
			children = (
				BA75C9712A223041008C3745 /* JSONResolver */,
				BA75C95C2A21FF1D008C3745 /* EndPoints */,
				BA75C95B2A21FF18008C3745 /* DataProviders */,
				BA8CCAFD2A1FAF9400903794 /* NetworkManager.swift */,
			);
			path = Networking;
			sourceTree = "<group>";
		};
		BA8CCAFF2A1FAFE300903794 /* Extensions */ = {
			isa = PBXGroup;
			children = (
				BA8CCB002A1FAFEF00903794 /* Data+Extension.swift */,
				BA8CCB322A1FC84600903794 /* UIButton+Extension.swift */,
				BA8CCB342A1FC89500903794 /* UILabel+Extension.swift */,
				BA8CCB362A1FC8D200903794 /* UIView+Extension.swift */,
				BA8CCB392A2008D100903794 /* String+Extension.swift */,
				BA75C92A2A20F6E7008C3745 /* UIViewController+Extension.swift */,
				BA75C92E2A212488008C3745 /* UITextfield+Extension.swift */,
				BA75C94F2A21F85C008C3745 /* UITableView+Extension.swift */,
			);
			path = Extensions;
			sourceTree = "<group>";
		};
		BA8CCB062A1FB23E00903794 /* Localizable */ = {
			isa = PBXGroup;
			children = (
				BA8CCB142A1FB35700903794 /* Localizable.strings */,
				BA8CCB162A1FB38800903794 /* Translations.swift */,
			);
			path = Localizable;
			sourceTree = "<group>";
		};
		BA8CCB1D2A1FB52400903794 /* Frameworks */ = {
			isa = PBXGroup;
			children = (
				BA8CCB1E2A1FB52400903794 /* AuthenticationServices.framework */,
			);
			name = Frameworks;
			sourceTree = "<group>";
		};
		BA8CCB202A1FB52400903794 /* Authenticate */ = {
			isa = PBXGroup;
			children = (
				BA8CCB212A1FB52400903794 /* AccountAuthenticationModificationViewController.swift */,
				BA8CCB232A1FB52400903794 /* MainInterface.storyboard */,
				BA8CCB262A1FB52400903794 /* Info.plist */,
			);
			path = Authenticate;
			sourceTree = "<group>";
		};
		BA8CCB2E2A1FC1ED00903794 /* Registration */ = {
			isa = PBXGroup;
			children = (
				BA75C91B2A20E313008C3745 /* PhoneNumberActionable.swift */,
				BA75C91C2A20E313008C3745 /* PhoneNumberPresenter.swift */,
				BA75C91D2A20E313008C3745 /* PhoneNumberViewController.storyboard */,
				BA75C91E2A20E313008C3745 /* PhoneNumberViewController.swift */,
				BA75C91F2A20E313008C3745 /* PhoneNumberParameterable.swift */,
				BA75C9212A20E313008C3745 /* PhoneNumberWireframe.swift */,
			);
			path = Registration;
			sourceTree = "<group>";
		};
		BA8CCB2F2A1FC1FA00903794 /* Login */ = {
			isa = PBXGroup;
			children = (
				BA8CCB302A1FC20F00903794 /* LoginViewController.swift */,
				BA75C8F42A209E98008C3745 /* LoginActionable.swift */,
				BA75C8F52A209E98008C3745 /* LoginPresenter.swift */,
				BA75C8F82A209E98008C3745 /* LoginParameterable.swift */,
				BA75C8FB2A209E98008C3745 /* LoginWireframe.swift */,
			);
			path = Login;
			sourceTree = "<group>";
		};
/* End PBXGroup section */

/* Begin PBXNativeTarget section */
		BA8CCA9F2A1F741700903794 /* Friendly */ = {
			isa = PBXNativeTarget;
			buildConfigurationList = BA8CCACA2A1F741800903794 /* Build configuration list for PBXNativeTarget "Friendly" */;
			buildPhases = (
				BA8CCA9C2A1F741700903794 /* Sources */,
				BA8CCA9D2A1F741700903794 /* Frameworks */,
				BA8CCA9E2A1F741700903794 /* Resources */,
				BA8CCB2D2A1FB52400903794 /* Embed Foundation Extensions */,
			);
			buildRules = (
			);
			dependencies = (
			);
			name = Friendly;
			packageProductDependencies = (
				BA8CCAD42A1F74EF00903794 /* CombineMoya */,
				BA8CCAD62A1F74EF00903794 /* Moya */,
				BA8CCAD82A1F74EF00903794 /* RxMoya */,
				BA8CCADB2A1F750500903794 /* SourceModel */,
				BA8CCADE2A1F751D00903794 /* SDWebImage */,
				BA8CCAE12A1F759000903794 /* Lottie */,
			);
			productName = Friendly;
			productReference = BA8CCAA02A1F741700903794 /* Friendly.app */;
			productType = "com.apple.product-type.application";
		};
		BA8CCAB52A1F741800903794 /* FriendlyTests */ = {
			isa = PBXNativeTarget;
			buildConfigurationList = BA8CCACD2A1F741800903794 /* Build configuration list for PBXNativeTarget "FriendlyTests" */;
			buildPhases = (
				BA8CCAB22A1F741800903794 /* Sources */,
				BA8CCAB32A1F741800903794 /* Frameworks */,
				BA8CCAB42A1F741800903794 /* Resources */,
			);
			buildRules = (
			);
			dependencies = (
				BA8CCAB82A1F741800903794 /* PBXTargetDependency */,
			);
			name = FriendlyTests;
			productName = FriendlyTests;
			productReference = BA8CCAB62A1F741800903794 /* FriendlyTests.xctest */;
			productType = "com.apple.product-type.bundle.unit-test";
		};
		BA8CCABF2A1F741800903794 /* FriendlyUITests */ = {
			isa = PBXNativeTarget;
			buildConfigurationList = BA8CCAD02A1F741800903794 /* Build configuration list for PBXNativeTarget "FriendlyUITests" */;
			buildPhases = (
				BA8CCABC2A1F741800903794 /* Sources */,
				BA8CCABD2A1F741800903794 /* Frameworks */,
				BA8CCABE2A1F741800903794 /* Resources */,
			);
			buildRules = (
			);
			dependencies = (
				BA8CCAC22A1F741800903794 /* PBXTargetDependency */,
			);
			name = FriendlyUITests;
			productName = FriendlyUITests;
			productReference = BA8CCAC02A1F741800903794 /* FriendlyUITests.xctest */;
			productType = "com.apple.product-type.bundle.ui-testing";
		};
/* End PBXNativeTarget section */

/* Begin PBXProject section */
		BA8CCA982A1F741700903794 /* Project object */ = {
			isa = PBXProject;
			attributes = {
				BuildIndependentTargetsInParallel = 1;
				LastSwiftUpdateCheck = 1430;
				LastUpgradeCheck = 1430;
				TargetAttributes = {
					BA8CCA9F2A1F741700903794 = {
						CreatedOnToolsVersion = 14.3;
					};
					BA8CCAB52A1F741800903794 = {
						CreatedOnToolsVersion = 14.3;
						TestTargetID = BA8CCA9F2A1F741700903794;
					};
					BA8CCABF2A1F741800903794 = {
						CreatedOnToolsVersion = 14.3;
						TestTargetID = BA8CCA9F2A1F741700903794;
					};
				};
			};
			buildConfigurationList = BA8CCA9B2A1F741700903794 /* Build configuration list for PBXProject "Friendly" */;
			compatibilityVersion = "Xcode 14.0";
			developmentRegion = en;
			hasScannedForEncodings = 0;
			knownRegions = (
				en,
				Base,
				he,
			);
			mainGroup = BA8CCA972A1F741700903794;
			packageReferences = (
				BA8CCAD32A1F74EF00903794 /* XCRemoteSwiftPackageReference "Moya" */,
				BA8CCADA2A1F750500903794 /* XCRemoteSwiftPackageReference "SourceModel_iOS" */,
				BA8CCADD2A1F751D00903794 /* XCRemoteSwiftPackageReference "SDWebImage" */,
				BA8CCAE02A1F759000903794 /* XCRemoteSwiftPackageReference "lottie-ios" */,
			);
			productRefGroup = BA8CCAA12A1F741700903794 /* Products */;
			projectDirPath = "";
			projectRoot = "";
			targets = (
				BA8CCA9F2A1F741700903794 /* Friendly */,
				BA8CCAB52A1F741800903794 /* FriendlyTests */,
				BA8CCABF2A1F741800903794 /* FriendlyUITests */,
			);
		};
/* End PBXProject section */

/* Begin PBXResourcesBuildPhase section */
		BA8CCA9E2A1F741700903794 /* Resources */ = {
			isa = PBXResourcesBuildPhase;
			buildActionMask = 2147483647;
			files = (
				BA75C9552A21F98C008C3745 /* CountryExtensionCell.xib in Resources */,
				BA8CCAB02A1F741800903794 /* LaunchScreen.storyboard in Resources */,
				BA8CCB122A1FB35700903794 /* Localizable.strings in Resources */,
				BA75C95A2A21FC7A008C3745 /* CountryCodes.json in Resources */,
				BA8CCAAD2A1F741800903794 /* Assets.xcassets in Resources */,
				BA75C9242A20E313008C3745 /* PhoneNumberViewController.storyboard in Resources */,
				BA8CCAAB2A1F741700903794 /* Main.storyboard in Resources */,
			);
			runOnlyForDeploymentPostprocessing = 0;
		};
		BA8CCAB42A1F741800903794 /* Resources */ = {
			isa = PBXResourcesBuildPhase;
			buildActionMask = 2147483647;
			files = (
			);
			runOnlyForDeploymentPostprocessing = 0;
		};
		BA8CCABE2A1F741800903794 /* Resources */ = {
			isa = PBXResourcesBuildPhase;
			buildActionMask = 2147483647;
			files = (
			);
			runOnlyForDeploymentPostprocessing = 0;
		};
/* End PBXResourcesBuildPhase section */

/* Begin PBXSourcesBuildPhase section */
		BA8CCA9C2A1F741700903794 /* Sources */ = {
			isa = PBXSourcesBuildPhase;
			buildActionMask = 2147483647;
			files = (
				BA75C92B2A20F6E7008C3745 /* UIViewController+Extension.swift in Sources */,
				BA75C91A2A20A5E4008C3745 /* Actions.swift in Sources */,
				BA75C9502A21F85C008C3745 /* UITableView+Extension.swift in Sources */,
				BA75C92D2A212112008C3745 /* BaseViewController.swift in Sources */,
				BA75C9022A209E98008C3745 /* LoginCoordinating.swift in Sources */,
				BA8CCB3A2A2008D100903794 /* String+Extension.swift in Sources */,
				BA75C8FC2A209E98008C3745 /* LoginActionable.swift in Sources */,
				BA75C9252A20E313008C3745 /* PhoneNumberViewController.swift in Sources */,
				BA8CCB312A1FC20F00903794 /* LoginViewController.swift in Sources */,
				BA8CCAF12A1F764800903794 /* Coordinator.swift in Sources */,
				BA75C9702A22300D008C3745 /* CountriesResponse.swift in Sources */,
				BA75C9542A21F98C008C3745 /* CountryExtensionCell.swift in Sources */,
				BA75C9232A20E313008C3745 /* PhoneNumberPresenter.swift in Sources */,
				BA75C95E2A21FF35008C3745 /* StaticDataProvider.swift in Sources */,
				BA8CCB332A1FC84600903794 /* UIButton+Extension.swift in Sources */,
				BA75C93E2A21F664008C3745 /* PhoneExtensionViewController.swift in Sources */,
				BA75C93B2A21F664008C3745 /* PhoneExtensionPresenter.swift in Sources */,
				BA8CCB372A1FC8D200903794 /* UIView+Extension.swift in Sources */,
				BA75C9282A20E313008C3745 /* PhoneNumberWireframe.swift in Sources */,
				BA75C9272A20E313008C3745 /* PhoneNumberCoordinating.swift in Sources */,
				BA8CCB052A1FB05000903794 /* Constants.swift in Sources */,
				BA75C9222A20E313008C3745 /* PhoneNumberActionable.swift in Sources */,
				BA8CCAF62A1F7E6300903794 /* MainCoordinator.swift in Sources */,
				BA75C9122A20A070008C3745 /* Presentable.swift in Sources */,
				BA8CCAA82A1F741700903794 /* MainViewController.swift in Sources */,
				BA8CCB172A1FB38800903794 /* Translations.swift in Sources */,
				BA75C9412A21F664008C3745 /* PhoneExtensionCoordinating.swift in Sources */,
				BA75C9752A2662A8008C3745 /* DataProviders.swift in Sources */,
				BA75C9602A21FF68008C3745 /* StaticEndPoints.swift in Sources */,
				BA8CCAF32A1F7C5000903794 /* Storyboarded.swift in Sources */,
				BA8CCAFE2A1FAF9400903794 /* NetworkManager.swift in Sources */,
				BA75C9262A20E313008C3745 /* PhoneNumberParameterable.swift in Sources */,
				BA75C9422A21F664008C3745 /* PhoneExtensionWireframe.swift in Sources */,
				BA75C9002A209E98008C3745 /* LoginParameterable.swift in Sources */,
				BA75C8FD2A209E98008C3745 /* LoginPresenter.swift in Sources */,
				BA8CCAFB2A1FA71900903794 /* ProfileViewController.swift in Sources */,
				BA75C9162A20A25E008C3745 /* LoginCoordinator.swift in Sources */,
				BA75C92F2A212488008C3745 /* UITextfield+Extension.swift in Sources */,
				BA8CCB352A1FC89500903794 /* UILabel+Extension.swift in Sources */,
				BA75C93F2A21F664008C3745 /* PhoneExtensionParameterable.swift in Sources */,
				BA8CCAA42A1F741700903794 /* AppDelegate.swift in Sources */,
				BA75C9622A2200F4008C3745 /* JSONResolver.swift in Sources */,
				BA75C93A2A21F664008C3745 /* PhoneExtensionActionable.swift in Sources */,
				BA75C9732A223059008C3745 /* JSONResolver+Countries.swift in Sources */,
				BA75C9572A21FAF7008C3745 /* CountryExtension.swift in Sources */,
				BA75C9032A209E98008C3745 /* LoginWireframe.swift in Sources */,
				BA8CCAA62A1F741700903794 /* SceneDelegate.swift in Sources */,
				BA8CCB012A1FAFEF00903794 /* Data+Extension.swift in Sources */,
				BA75C9772A267541008C3745 /* CountriesCollection.swift in Sources */,
				BA75C9182A20A5D2008C3745 /* Parameters.swift in Sources */,
			);
			runOnlyForDeploymentPostprocessing = 0;
		};
		BA8CCAB22A1F741800903794 /* Sources */ = {
			isa = PBXSourcesBuildPhase;
			buildActionMask = 2147483647;
			files = (
				BA8CCABB2A1F741800903794 /* FriendlyTests.swift in Sources */,
			);
			runOnlyForDeploymentPostprocessing = 0;
		};
		BA8CCABC2A1F741800903794 /* Sources */ = {
			isa = PBXSourcesBuildPhase;
			buildActionMask = 2147483647;
			files = (
				BA8CCAC72A1F741800903794 /* FriendlyUITestsLaunchTests.swift in Sources */,
				BA8CCAC52A1F741800903794 /* FriendlyUITests.swift in Sources */,
			);
			runOnlyForDeploymentPostprocessing = 0;
		};
/* End PBXSourcesBuildPhase section */

/* Begin PBXTargetDependency section */
		BA8CCAB82A1F741800903794 /* PBXTargetDependency */ = {
			isa = PBXTargetDependency;
			target = BA8CCA9F2A1F741700903794 /* Friendly */;
			targetProxy = BA8CCAB72A1F741800903794 /* PBXContainerItemProxy */;
		};
		BA8CCAC22A1F741800903794 /* PBXTargetDependency */ = {
			isa = PBXTargetDependency;
			target = BA8CCA9F2A1F741700903794 /* Friendly */;
			targetProxy = BA8CCAC12A1F741800903794 /* PBXContainerItemProxy */;
		};
/* End PBXTargetDependency section */

/* Begin PBXVariantGroup section */
		BA8CCAA92A1F741700903794 /* Main.storyboard */ = {
			isa = PBXVariantGroup;
			children = (
				BA8CCAAA2A1F741700903794 /* Base */,
			);
			name = Main.storyboard;
			sourceTree = "<group>";
		};
		BA8CCAAE2A1F741800903794 /* LaunchScreen.storyboard */ = {
			isa = PBXVariantGroup;
			children = (
				BA8CCAAF2A1F741800903794 /* Base */,
			);
			name = LaunchScreen.storyboard;
			sourceTree = "<group>";
		};
		BA8CCB142A1FB35700903794 /* Localizable.strings */ = {
			isa = PBXVariantGroup;
			children = (
				BA8CCB132A1FB35700903794 /* en */,
				BA8CCB152A1FB35B00903794 /* he */,
			);
			name = Localizable.strings;
			sourceTree = "<group>";
		};
		BA8CCB232A1FB52400903794 /* MainInterface.storyboard */ = {
			isa = PBXVariantGroup;
			children = (
				BA8CCB242A1FB52400903794 /* Base */,
			);
			name = MainInterface.storyboard;
			sourceTree = "<group>";
		};
/* End PBXVariantGroup section */

/* Begin XCBuildConfiguration section */
		BA8CCAC82A1F741800903794 /* Debug */ = {
			isa = XCBuildConfiguration;
			buildSettings = {
				ALWAYS_SEARCH_USER_PATHS = NO;
				CLANG_ANALYZER_NONNULL = YES;
				CLANG_ANALYZER_NUMBER_OBJECT_CONVERSION = YES_AGGRESSIVE;
				CLANG_CXX_LANGUAGE_STANDARD = "gnu++20";
				CLANG_ENABLE_MODULES = YES;
				CLANG_ENABLE_OBJC_ARC = YES;
				CLANG_ENABLE_OBJC_WEAK = YES;
				CLANG_WARN_BLOCK_CAPTURE_AUTORELEASING = YES;
				CLANG_WARN_BOOL_CONVERSION = YES;
				CLANG_WARN_COMMA = YES;
				CLANG_WARN_CONSTANT_CONVERSION = YES;
				CLANG_WARN_DEPRECATED_OBJC_IMPLEMENTATIONS = YES;
				CLANG_WARN_DIRECT_OBJC_ISA_USAGE = YES_ERROR;
				CLANG_WARN_DOCUMENTATION_COMMENTS = YES;
				CLANG_WARN_EMPTY_BODY = YES;
				CLANG_WARN_ENUM_CONVERSION = YES;
				CLANG_WARN_INFINITE_RECURSION = YES;
				CLANG_WARN_INT_CONVERSION = YES;
				CLANG_WARN_NON_LITERAL_NULL_CONVERSION = YES;
				CLANG_WARN_OBJC_IMPLICIT_RETAIN_SELF = YES;
				CLANG_WARN_OBJC_LITERAL_CONVERSION = YES;
				CLANG_WARN_OBJC_ROOT_CLASS = YES_ERROR;
				CLANG_WARN_QUOTED_INCLUDE_IN_FRAMEWORK_HEADER = YES;
				CLANG_WARN_RANGE_LOOP_ANALYSIS = YES;
				CLANG_WARN_STRICT_PROTOTYPES = YES;
				CLANG_WARN_SUSPICIOUS_MOVE = YES;
				CLANG_WARN_UNGUARDED_AVAILABILITY = YES_AGGRESSIVE;
				CLANG_WARN_UNREACHABLE_CODE = YES;
				CLANG_WARN__DUPLICATE_METHOD_MATCH = YES;
				COPY_PHASE_STRIP = NO;
				DEBUG_INFORMATION_FORMAT = dwarf;
				ENABLE_STRICT_OBJC_MSGSEND = YES;
				ENABLE_TESTABILITY = YES;
				GCC_C_LANGUAGE_STANDARD = gnu11;
				GCC_DYNAMIC_NO_PIC = NO;
				GCC_NO_COMMON_BLOCKS = YES;
				GCC_OPTIMIZATION_LEVEL = 0;
				GCC_PREPROCESSOR_DEFINITIONS = (
					"DEBUG=1",
					"$(inherited)",
				);
				GCC_WARN_64_TO_32_BIT_CONVERSION = YES;
				GCC_WARN_ABOUT_RETURN_TYPE = YES_ERROR;
				GCC_WARN_UNDECLARED_SELECTOR = YES;
				GCC_WARN_UNINITIALIZED_AUTOS = YES_AGGRESSIVE;
				GCC_WARN_UNUSED_FUNCTION = YES;
				GCC_WARN_UNUSED_VARIABLE = YES;
				IPHONEOS_DEPLOYMENT_TARGET = 16.4;
				MTL_ENABLE_DEBUG_INFO = INCLUDE_SOURCE;
				MTL_FAST_MATH = YES;
				ONLY_ACTIVE_ARCH = YES;
				SDKROOT = iphoneos;
				SWIFT_ACTIVE_COMPILATION_CONDITIONS = DEBUG;
				SWIFT_OPTIMIZATION_LEVEL = "-Onone";
			};
			name = Debug;
		};
		BA8CCAC92A1F741800903794 /* Release */ = {
			isa = XCBuildConfiguration;
			buildSettings = {
				ALWAYS_SEARCH_USER_PATHS = NO;
				CLANG_ANALYZER_NONNULL = YES;
				CLANG_ANALYZER_NUMBER_OBJECT_CONVERSION = YES_AGGRESSIVE;
				CLANG_CXX_LANGUAGE_STANDARD = "gnu++20";
				CLANG_ENABLE_MODULES = YES;
				CLANG_ENABLE_OBJC_ARC = YES;
				CLANG_ENABLE_OBJC_WEAK = YES;
				CLANG_WARN_BLOCK_CAPTURE_AUTORELEASING = YES;
				CLANG_WARN_BOOL_CONVERSION = YES;
				CLANG_WARN_COMMA = YES;
				CLANG_WARN_CONSTANT_CONVERSION = YES;
				CLANG_WARN_DEPRECATED_OBJC_IMPLEMENTATIONS = YES;
				CLANG_WARN_DIRECT_OBJC_ISA_USAGE = YES_ERROR;
				CLANG_WARN_DOCUMENTATION_COMMENTS = YES;
				CLANG_WARN_EMPTY_BODY = YES;
				CLANG_WARN_ENUM_CONVERSION = YES;
				CLANG_WARN_INFINITE_RECURSION = YES;
				CLANG_WARN_INT_CONVERSION = YES;
				CLANG_WARN_NON_LITERAL_NULL_CONVERSION = YES;
				CLANG_WARN_OBJC_IMPLICIT_RETAIN_SELF = YES;
				CLANG_WARN_OBJC_LITERAL_CONVERSION = YES;
				CLANG_WARN_OBJC_ROOT_CLASS = YES_ERROR;
				CLANG_WARN_QUOTED_INCLUDE_IN_FRAMEWORK_HEADER = YES;
				CLANG_WARN_RANGE_LOOP_ANALYSIS = YES;
				CLANG_WARN_STRICT_PROTOTYPES = YES;
				CLANG_WARN_SUSPICIOUS_MOVE = YES;
				CLANG_WARN_UNGUARDED_AVAILABILITY = YES_AGGRESSIVE;
				CLANG_WARN_UNREACHABLE_CODE = YES;
				CLANG_WARN__DUPLICATE_METHOD_MATCH = YES;
				COPY_PHASE_STRIP = NO;
				DEBUG_INFORMATION_FORMAT = "dwarf-with-dsym";
				ENABLE_NS_ASSERTIONS = NO;
				ENABLE_STRICT_OBJC_MSGSEND = YES;
				GCC_C_LANGUAGE_STANDARD = gnu11;
				GCC_NO_COMMON_BLOCKS = YES;
				GCC_WARN_64_TO_32_BIT_CONVERSION = YES;
				GCC_WARN_ABOUT_RETURN_TYPE = YES_ERROR;
				GCC_WARN_UNDECLARED_SELECTOR = YES;
				GCC_WARN_UNINITIALIZED_AUTOS = YES_AGGRESSIVE;
				GCC_WARN_UNUSED_FUNCTION = YES;
				GCC_WARN_UNUSED_VARIABLE = YES;
				IPHONEOS_DEPLOYMENT_TARGET = 16.4;
				MTL_ENABLE_DEBUG_INFO = NO;
				MTL_FAST_MATH = YES;
				SDKROOT = iphoneos;
				SWIFT_COMPILATION_MODE = wholemodule;
				SWIFT_OPTIMIZATION_LEVEL = "-O";
				VALIDATE_PRODUCT = YES;
			};
			name = Release;
		};
		BA8CCACB2A1F741800903794 /* Debug */ = {
			isa = XCBuildConfiguration;
			buildSettings = {
				ALWAYS_EMBED_SWIFT_STANDARD_LIBRARIES = YES;
				ASSETCATALOG_COMPILER_APPICON_NAME = AppIcon;
				ASSETCATALOG_COMPILER_GLOBAL_ACCENT_COLOR_NAME = AccentColor;
				CODE_SIGN_ENTITLEMENTS = Friendly/Friendly.entitlements;
				CODE_SIGN_STYLE = Automatic;
				CURRENT_PROJECT_VERSION = 1;
				DEVELOPMENT_TEAM = LMNQ8K7V9N;
				GENERATE_INFOPLIST_FILE = YES;
				INFOPLIST_FILE = Friendly/Info.plist;
				INFOPLIST_KEY_UIApplicationSupportsIndirectInputEvents = YES;
				INFOPLIST_KEY_UILaunchStoryboardName = LaunchScreen;
				INFOPLIST_KEY_UISupportedInterfaceOrientations_iPad = "UIInterfaceOrientationPortrait UIInterfaceOrientationPortraitUpsideDown UIInterfaceOrientationLandscapeLeft UIInterfaceOrientationLandscapeRight";
				INFOPLIST_KEY_UISupportedInterfaceOrientations_iPhone = "UIInterfaceOrientationPortrait UIInterfaceOrientationLandscapeLeft UIInterfaceOrientationLandscapeRight";
				IPHONEOS_DEPLOYMENT_TARGET = 16.0;
				LD_RUNPATH_SEARCH_PATHS = (
					"$(inherited)",
					"@executable_path/Frameworks",
				);
				MARKETING_VERSION = 1.0;
				PRODUCT_BUNDLE_IDENTIFIER = com.shor.Friendly;
				PRODUCT_NAME = "$(TARGET_NAME)";
				SWIFT_EMIT_LOC_STRINGS = YES;
				SWIFT_VERSION = 5.0;
				TARGETED_DEVICE_FAMILY = "1,2";
			};
			name = Debug;
		};
		BA8CCACC2A1F741800903794 /* Release */ = {
			isa = XCBuildConfiguration;
			buildSettings = {
				ALWAYS_EMBED_SWIFT_STANDARD_LIBRARIES = YES;
				ASSETCATALOG_COMPILER_APPICON_NAME = AppIcon;
				ASSETCATALOG_COMPILER_GLOBAL_ACCENT_COLOR_NAME = AccentColor;
				CODE_SIGN_ENTITLEMENTS = Friendly/Friendly.entitlements;
				CODE_SIGN_STYLE = Automatic;
				CURRENT_PROJECT_VERSION = 1;
				DEVELOPMENT_TEAM = LMNQ8K7V9N;
				GENERATE_INFOPLIST_FILE = YES;
				INFOPLIST_FILE = Friendly/Info.plist;
				INFOPLIST_KEY_UIApplicationSupportsIndirectInputEvents = YES;
				INFOPLIST_KEY_UILaunchStoryboardName = LaunchScreen;
				INFOPLIST_KEY_UISupportedInterfaceOrientations_iPad = "UIInterfaceOrientationPortrait UIInterfaceOrientationPortraitUpsideDown UIInterfaceOrientationLandscapeLeft UIInterfaceOrientationLandscapeRight";
				INFOPLIST_KEY_UISupportedInterfaceOrientations_iPhone = "UIInterfaceOrientationPortrait UIInterfaceOrientationLandscapeLeft UIInterfaceOrientationLandscapeRight";
				IPHONEOS_DEPLOYMENT_TARGET = 16.0;
				LD_RUNPATH_SEARCH_PATHS = (
					"$(inherited)",
					"@executable_path/Frameworks",
				);
				MARKETING_VERSION = 1.0;
				PRODUCT_BUNDLE_IDENTIFIER = com.shor.Friendly;
				PRODUCT_NAME = "$(TARGET_NAME)";
				SWIFT_EMIT_LOC_STRINGS = YES;
				SWIFT_VERSION = 5.0;
				TARGETED_DEVICE_FAMILY = "1,2";
			};
			name = Release;
		};
		BA8CCACE2A1F741800903794 /* Debug */ = {
			isa = XCBuildConfiguration;
			buildSettings = {
				ALWAYS_EMBED_SWIFT_STANDARD_LIBRARIES = YES;
				BUNDLE_LOADER = "$(TEST_HOST)";
				CODE_SIGN_STYLE = Automatic;
				CURRENT_PROJECT_VERSION = 1;
				DEVELOPMENT_TEAM = LMNQ8K7V9N;
				GENERATE_INFOPLIST_FILE = YES;
				IPHONEOS_DEPLOYMENT_TARGET = 16.4;
				MARKETING_VERSION = 1.0;
				PRODUCT_BUNDLE_IDENTIFIER = com.shor.FriendlyTests;
				PRODUCT_NAME = "$(TARGET_NAME)";
				SWIFT_EMIT_LOC_STRINGS = NO;
				SWIFT_VERSION = 5.0;
				TARGETED_DEVICE_FAMILY = "1,2";
				TEST_HOST = "$(BUILT_PRODUCTS_DIR)/Friendly.app/$(BUNDLE_EXECUTABLE_FOLDER_PATH)/Friendly";
			};
			name = Debug;
		};
		BA8CCACF2A1F741800903794 /* Release */ = {
			isa = XCBuildConfiguration;
			buildSettings = {
				ALWAYS_EMBED_SWIFT_STANDARD_LIBRARIES = YES;
				BUNDLE_LOADER = "$(TEST_HOST)";
				CODE_SIGN_STYLE = Automatic;
				CURRENT_PROJECT_VERSION = 1;
				DEVELOPMENT_TEAM = LMNQ8K7V9N;
				GENERATE_INFOPLIST_FILE = YES;
				IPHONEOS_DEPLOYMENT_TARGET = 16.4;
				MARKETING_VERSION = 1.0;
				PRODUCT_BUNDLE_IDENTIFIER = com.shor.FriendlyTests;
				PRODUCT_NAME = "$(TARGET_NAME)";
				SWIFT_EMIT_LOC_STRINGS = NO;
				SWIFT_VERSION = 5.0;
				TARGETED_DEVICE_FAMILY = "1,2";
				TEST_HOST = "$(BUILT_PRODUCTS_DIR)/Friendly.app/$(BUNDLE_EXECUTABLE_FOLDER_PATH)/Friendly";
			};
			name = Release;
		};
		BA8CCAD12A1F741800903794 /* Debug */ = {
			isa = XCBuildConfiguration;
			buildSettings = {
				ALWAYS_EMBED_SWIFT_STANDARD_LIBRARIES = YES;
				CODE_SIGN_STYLE = Automatic;
				CURRENT_PROJECT_VERSION = 1;
				DEVELOPMENT_TEAM = LMNQ8K7V9N;
				GENERATE_INFOPLIST_FILE = YES;
				MARKETING_VERSION = 1.0;
				PRODUCT_BUNDLE_IDENTIFIER = com.shor.FriendlyUITests;
				PRODUCT_NAME = "$(TARGET_NAME)";
				SWIFT_EMIT_LOC_STRINGS = NO;
				SWIFT_VERSION = 5.0;
				TARGETED_DEVICE_FAMILY = "1,2";
				TEST_TARGET_NAME = Friendly;
			};
			name = Debug;
		};
		BA8CCAD22A1F741800903794 /* Release */ = {
			isa = XCBuildConfiguration;
			buildSettings = {
				ALWAYS_EMBED_SWIFT_STANDARD_LIBRARIES = YES;
				CODE_SIGN_STYLE = Automatic;
				CURRENT_PROJECT_VERSION = 1;
				DEVELOPMENT_TEAM = LMNQ8K7V9N;
				GENERATE_INFOPLIST_FILE = YES;
				MARKETING_VERSION = 1.0;
				PRODUCT_BUNDLE_IDENTIFIER = com.shor.FriendlyUITests;
				PRODUCT_NAME = "$(TARGET_NAME)";
				SWIFT_EMIT_LOC_STRINGS = NO;
				SWIFT_VERSION = 5.0;
				TARGETED_DEVICE_FAMILY = "1,2";
				TEST_TARGET_NAME = Friendly;
			};
			name = Release;
		};
/* End XCBuildConfiguration section */

/* Begin XCConfigurationList section */
		BA8CCA9B2A1F741700903794 /* Build configuration list for PBXProject "Friendly" */ = {
			isa = XCConfigurationList;
			buildConfigurations = (
				BA8CCAC82A1F741800903794 /* Debug */,
				BA8CCAC92A1F741800903794 /* Release */,
			);
			defaultConfigurationIsVisible = 0;
			defaultConfigurationName = Release;
		};
		BA8CCACA2A1F741800903794 /* Build configuration list for PBXNativeTarget "Friendly" */ = {
			isa = XCConfigurationList;
			buildConfigurations = (
				BA8CCACB2A1F741800903794 /* Debug */,
				BA8CCACC2A1F741800903794 /* Release */,
			);
			defaultConfigurationIsVisible = 0;
			defaultConfigurationName = Release;
		};
		BA8CCACD2A1F741800903794 /* Build configuration list for PBXNativeTarget "FriendlyTests" */ = {
			isa = XCConfigurationList;
			buildConfigurations = (
				BA8CCACE2A1F741800903794 /* Debug */,
				BA8CCACF2A1F741800903794 /* Release */,
			);
			defaultConfigurationIsVisible = 0;
			defaultConfigurationName = Release;
		};
		BA8CCAD02A1F741800903794 /* Build configuration list for PBXNativeTarget "FriendlyUITests" */ = {
			isa = XCConfigurationList;
			buildConfigurations = (
				BA8CCAD12A1F741800903794 /* Debug */,
				BA8CCAD22A1F741800903794 /* Release */,
			);
			defaultConfigurationIsVisible = 0;
			defaultConfigurationName = Release;
		};
/* End XCConfigurationList section */

/* Begin XCRemoteSwiftPackageReference section */
		BA8CCAD32A1F74EF00903794 /* XCRemoteSwiftPackageReference "Moya" */ = {
			isa = XCRemoteSwiftPackageReference;
			repositoryURL = "https://github.com/Moya/Moya.git";
			requirement = {
				kind = exactVersion;
				version = 15.0.3;
			};
		};
		BA8CCADA2A1F750500903794 /* XCRemoteSwiftPackageReference "SourceModel_iOS" */ = {
			isa = XCRemoteSwiftPackageReference;
			repositoryURL = "https://github.com/stanwood/SourceModel_iOS.git";
			requirement = {
				kind = exactVersion;
				version = 1.3.3;
			};
		};
		BA8CCADD2A1F751D00903794 /* XCRemoteSwiftPackageReference "SDWebImage" */ = {
			isa = XCRemoteSwiftPackageReference;
			repositoryURL = "https://github.com/SDWebImage/SDWebImage.git";
			requirement = {
				kind = exactVersion;
				version = 5.15.8;
			};
		};
		BA8CCAE02A1F759000903794 /* XCRemoteSwiftPackageReference "lottie-ios" */ = {
			isa = XCRemoteSwiftPackageReference;
			repositoryURL = "https://github.com/airbnb/lottie-ios.git";
			requirement = {
				kind = exactVersion;
				version = 4.2.0;
			};
		};
/* End XCRemoteSwiftPackageReference section */

/* Begin XCSwiftPackageProductDependency section */
		BA8CCAD42A1F74EF00903794 /* CombineMoya */ = {
			isa = XCSwiftPackageProductDependency;
			package = BA8CCAD32A1F74EF00903794 /* XCRemoteSwiftPackageReference "Moya" */;
			productName = CombineMoya;
		};
		BA8CCAD62A1F74EF00903794 /* Moya */ = {
			isa = XCSwiftPackageProductDependency;
			package = BA8CCAD32A1F74EF00903794 /* XCRemoteSwiftPackageReference "Moya" */;
			productName = Moya;
		};
		BA8CCAD82A1F74EF00903794 /* RxMoya */ = {
			isa = XCSwiftPackageProductDependency;
			package = BA8CCAD32A1F74EF00903794 /* XCRemoteSwiftPackageReference "Moya" */;
			productName = RxMoya;
		};
		BA8CCADB2A1F750500903794 /* SourceModel */ = {
			isa = XCSwiftPackageProductDependency;
			package = BA8CCADA2A1F750500903794 /* XCRemoteSwiftPackageReference "SourceModel_iOS" */;
			productName = SourceModel;
		};
		BA8CCADE2A1F751D00903794 /* SDWebImage */ = {
			isa = XCSwiftPackageProductDependency;
			package = BA8CCADD2A1F751D00903794 /* XCRemoteSwiftPackageReference "SDWebImage" */;
			productName = SDWebImage;
		};
		BA8CCAE12A1F759000903794 /* Lottie */ = {
			isa = XCSwiftPackageProductDependency;
			package = BA8CCAE02A1F759000903794 /* XCRemoteSwiftPackageReference "lottie-ios" */;
			productName = Lottie;
		};
/* End XCSwiftPackageProductDependency section */
	};
	rootObject = BA8CCA982A1F741700903794 /* Project object */;
}
