// !$*UTF8*$!
{
	archiveVersion = 1;
	classes = {
	};
	objectVersion = 56;
	objects = {

/* Begin PBXBuildFile section */
		BA779C0F2B2C607C006F5D5D /* ButtonTextField.swift in Sources */ = {isa = PBXBuildFile; fileRef = BA779C0E2B2C607B006F5D5D /* ButtonTextField.swift */; };
		BA779C112B2C68E8006F5D5D /* PhoneAuthenticationViewModel.swift in Sources */ = {isa = PBXBuildFile; fileRef = BA779C102B2C68E8006F5D5D /* PhoneAuthenticationViewModel.swift */; };
		BA8ACDB22AF4ECEB00A157E1 /* FriendlyApp.swift in Sources */ = {isa = PBXBuildFile; fileRef = BA8ACDB12AF4ECEB00A157E1 /* FriendlyApp.swift */; };
		BA8ACDB42AF4ECEB00A157E1 /* CoordinatorView.swift in Sources */ = {isa = PBXBuildFile; fileRef = BA8ACDB32AF4ECEB00A157E1 /* CoordinatorView.swift */; };
		BA8ACDB62AF4ECEC00A157E1 /* Assets.xcassets in Resources */ = {isa = PBXBuildFile; fileRef = BA8ACDB52AF4ECEC00A157E1 /* Assets.xcassets */; };
		BA8ACDC32AF4ECED00A157E1 /* FriendlyTests.swift in Sources */ = {isa = PBXBuildFile; fileRef = BA8ACDC22AF4ECED00A157E1 /* FriendlyTests.swift */; };
		BA8ACDCD2AF4ECED00A157E1 /* FriendlyUITests.swift in Sources */ = {isa = PBXBuildFile; fileRef = BA8ACDCC2AF4ECED00A157E1 /* FriendlyUITests.swift */; };
		BA8ACDCF2AF4ECED00A157E1 /* FriendlyUITestsLaunchTests.swift in Sources */ = {isa = PBXBuildFile; fileRef = BA8ACDCE2AF4ECED00A157E1 /* FriendlyUITestsLaunchTests.swift */; };
		BA8ACDDC2AF4EF7000A157E1 /* MainCoordinator.swift in Sources */ = {isa = PBXBuildFile; fileRef = BA8ACDDB2AF4EF7000A157E1 /* MainCoordinator.swift */; };
		BA8ACDE22AF4F84900A157E1 /* Localizable.strings in Resources */ = {isa = PBXBuildFile; fileRef = BA8ACDDE2AF4F84900A157E1 /* Localizable.strings */; };
		BA8ACDE32AF4F84900A157E1 /* Translations.swift in Sources */ = {isa = PBXBuildFile; fileRef = BA8ACDE12AF4F84900A157E1 /* Translations.swift */; };
		BA8ACDEE2AF4F87400A157E1 /* UIColor+Extension.swift in Sources */ = {isa = PBXBuildFile; fileRef = BA8ACDE52AF4F87400A157E1 /* UIColor+Extension.swift */; };
		BA8ACDEF2AF4F87400A157E1 /* UILabel+Extension.swift in Sources */ = {isa = PBXBuildFile; fileRef = BA8ACDE62AF4F87400A157E1 /* UILabel+Extension.swift */; };
		BA8ACDF02AF4F87400A157E1 /* UIButton+Extension.swift in Sources */ = {isa = PBXBuildFile; fileRef = BA8ACDE72AF4F87400A157E1 /* UIButton+Extension.swift */; };
		BA8ACDF12AF4F87400A157E1 /* UIView+Extension.swift in Sources */ = {isa = PBXBuildFile; fileRef = BA8ACDE82AF4F87400A157E1 /* UIView+Extension.swift */; };
		BA8ACDF22AF4F87400A157E1 /* UIViewController+Extension.swift in Sources */ = {isa = PBXBuildFile; fileRef = BA8ACDE92AF4F87400A157E1 /* UIViewController+Extension.swift */; };
		BA8ACDF32AF4F87400A157E1 /* String+Extension.swift in Sources */ = {isa = PBXBuildFile; fileRef = BA8ACDEA2AF4F87400A157E1 /* String+Extension.swift */; };
		BA8ACDF42AF4F87400A157E1 /* Data+Extension.swift in Sources */ = {isa = PBXBuildFile; fileRef = BA8ACDEB2AF4F87400A157E1 /* Data+Extension.swift */; };
		BA8ACDF52AF4F87400A157E1 /* UITextfield+Extension.swift in Sources */ = {isa = PBXBuildFile; fileRef = BA8ACDEC2AF4F87400A157E1 /* UITextfield+Extension.swift */; };
		BA8ACDF62AF4F87400A157E1 /* UITableView+Extension.swift in Sources */ = {isa = PBXBuildFile; fileRef = BA8ACDED2AF4F87400A157E1 /* UITableView+Extension.swift */; };
		BA8ACDF92AF4F8AF00A157E1 /* Constants.swift in Sources */ = {isa = PBXBuildFile; fileRef = BA8ACDF72AF4F89300A157E1 /* Constants.swift */; };
		BA8ACDFB2AF4F8F000A157E1 /* Colors.xcassets in Resources */ = {isa = PBXBuildFile; fileRef = BA8ACDFA2AF4F8F000A157E1 /* Colors.xcassets */; };
		BA8ACE092AF4F91400A157E1 /* CountriesResponse.swift in Sources */ = {isa = PBXBuildFile; fileRef = BA8ACDFD2AF4F91400A157E1 /* CountriesResponse.swift */; };
		BA8ACE0A2AF4F91400A157E1 /* CountryExtension.swift in Sources */ = {isa = PBXBuildFile; fileRef = BA8ACDFE2AF4F91400A157E1 /* CountryExtension.swift */; };
		BA8ACE0B2AF4F91400A157E1 /* CountriesCollection.swift in Sources */ = {isa = PBXBuildFile; fileRef = BA8ACDFF2AF4F91400A157E1 /* CountriesCollection.swift */; };
		BA8ACE0C2AF4F91400A157E1 /* StaticEndPoints.swift in Sources */ = {isa = PBXBuildFile; fileRef = BA8ACE022AF4F91400A157E1 /* StaticEndPoints.swift */; };
		BA8ACE0D2AF4F91400A157E1 /* DataProviders.swift in Sources */ = {isa = PBXBuildFile; fileRef = BA8ACE042AF4F91400A157E1 /* DataProviders.swift */; };
		BA8ACE0E2AF4F91400A157E1 /* StaticDataProvider.swift in Sources */ = {isa = PBXBuildFile; fileRef = BA8ACE052AF4F91400A157E1 /* StaticDataProvider.swift */; };
		BA8ACE0F2AF4F91400A157E1 /* NetworkManager.swift in Sources */ = {isa = PBXBuildFile; fileRef = BA8ACE062AF4F91400A157E1 /* NetworkManager.swift */; };
		BA8ACE102AF4F91400A157E1 /* JSONResolver+Countries.swift in Sources */ = {isa = PBXBuildFile; fileRef = BA8ACE082AF4F91400A157E1 /* JSONResolver+Countries.swift */; };
		BA8ACE132AF4F93800A157E1 /* CountryCodes.json in Resources */ = {isa = PBXBuildFile; fileRef = BA8ACE122AF4F93800A157E1 /* CountryCodes.json */; };
		BA8ACE172AF4F9AD00A157E1 /* LoginView.swift in Sources */ = {isa = PBXBuildFile; fileRef = BA8ACE162AF4F9AD00A157E1 /* LoginView.swift */; };
		BA9FA8C42AF4FBB600F5CF50 /* Lottie in Frameworks */ = {isa = PBXBuildFile; productRef = BA9FA8C32AF4FBB600F5CF50 /* Lottie */; };
		BA9FA8C72AF4FBEA00F5CF50 /* CombineMoya in Frameworks */ = {isa = PBXBuildFile; productRef = BA9FA8C62AF4FBEA00F5CF50 /* CombineMoya */; };
		BA9FA8C92AF4FBEA00F5CF50 /* Moya in Frameworks */ = {isa = PBXBuildFile; productRef = BA9FA8C82AF4FBEA00F5CF50 /* Moya */; };
		BA9FA8D12AF4FDDC00F5CF50 /* AuthenticationServices.framework in Frameworks */ = {isa = PBXBuildFile; fileRef = BA9FA8D02AF4FDDC00F5CF50 /* AuthenticationServices.framework */; };
		BA9FA8D42AF4FDDC00F5CF50 /* AccountAuthenticationModificationViewController.swift in Sources */ = {isa = PBXBuildFile; fileRef = BA9FA8D32AF4FDDC00F5CF50 /* AccountAuthenticationModificationViewController.swift */; };
		BA9FA8D72AF4FDDC00F5CF50 /* MainInterface.storyboard in Resources */ = {isa = PBXBuildFile; fileRef = BA9FA8D52AF4FDDC00F5CF50 /* MainInterface.storyboard */; };
		BA9FA8DB2AF4FDDC00F5CF50 /* FriendlySwift.appex in Embed Foundation Extensions */ = {isa = PBXBuildFile; fileRef = BA9FA8CE2AF4FDDC00F5CF50 /* FriendlySwift.appex */; settings = {ATTRIBUTES = (RemoveHeadersOnCopy, ); }; };
		BACE77AC2B5AAF3B0089F96B /* Coordinator.swift in Sources */ = {isa = PBXBuildFile; fileRef = BACE77AB2B5AAF3B0089F96B /* Coordinator.swift */; };
		BAD0E8D12B2DCB460092CA55 /* JsonResolverParams.swift in Sources */ = {isa = PBXBuildFile; fileRef = BAD0E8D02B2DCB460092CA55 /* JsonResolverParams.swift */; };
		BAD0E8D62B2DCC3C0092CA55 /* CountriesView.swift in Sources */ = {isa = PBXBuildFile; fileRef = BAD0E8D52B2DCC3C0092CA55 /* CountriesView.swift */; };
		BAD0E8D82B2DCC490092CA55 /* CountriesViewModel.swift in Sources */ = {isa = PBXBuildFile; fileRef = BAD0E8D72B2DCC490092CA55 /* CountriesViewModel.swift */; };
		BAFE6B352AF508DB00613CEF /* CustomSocialButton.swift in Sources */ = {isa = PBXBuildFile; fileRef = BAFE6B342AF508DB00613CEF /* CustomSocialButton.swift */; };
		BAFE6B372AF5134B00613CEF /* Images.xcassets in Resources */ = {isa = PBXBuildFile; fileRef = BAFE6B362AF5134B00613CEF /* Images.xcassets */; };
		BAFE6B3A2AF51F2500613CEF /* LoginViewModel.swift in Sources */ = {isa = PBXBuildFile; fileRef = BAFE6B392AF51F2500613CEF /* LoginViewModel.swift */; };
		BAFE6B3D2AF51F8800613CEF /* PhoneAuthentication.swift in Sources */ = {isa = PBXBuildFile; fileRef = BAFE6B3C2AF51F8800613CEF /* PhoneAuthentication.swift */; };
/* End PBXBuildFile section */

/* Begin PBXContainerItemProxy section */
		BA8ACDBF2AF4ECED00A157E1 /* PBXContainerItemProxy */ = {
			isa = PBXContainerItemProxy;
			containerPortal = BA8ACDA62AF4ECEB00A157E1 /* Project object */;
			proxyType = 1;
			remoteGlobalIDString = BA8ACDAD2AF4ECEB00A157E1;
			remoteInfo = Friendly;
		};
		BA8ACDC92AF4ECED00A157E1 /* PBXContainerItemProxy */ = {
			isa = PBXContainerItemProxy;
			containerPortal = BA8ACDA62AF4ECEB00A157E1 /* Project object */;
			proxyType = 1;
			remoteGlobalIDString = BA8ACDAD2AF4ECEB00A157E1;
			remoteInfo = Friendly;
		};
		BA9FA8D92AF4FDDC00F5CF50 /* PBXContainerItemProxy */ = {
			isa = PBXContainerItemProxy;
			containerPortal = BA8ACDA62AF4ECEB00A157E1 /* Project object */;
			proxyType = 1;
			remoteGlobalIDString = BA9FA8CD2AF4FDDC00F5CF50;
			remoteInfo = FriendlySwift;
		};
/* End PBXContainerItemProxy section */

/* Begin PBXCopyFilesBuildPhase section */
		BA9FA8DF2AF4FDDC00F5CF50 /* Embed Foundation Extensions */ = {
			isa = PBXCopyFilesBuildPhase;
			buildActionMask = 2147483647;
			dstPath = "";
			dstSubfolderSpec = 13;
			files = (
				BA9FA8DB2AF4FDDC00F5CF50 /* FriendlySwift.appex in Embed Foundation Extensions */,
			);
			name = "Embed Foundation Extensions";
			runOnlyForDeploymentPostprocessing = 0;
		};
/* End PBXCopyFilesBuildPhase section */

/* Begin PBXFileReference section */
		BA779C0E2B2C607B006F5D5D /* ButtonTextField.swift */ = {isa = PBXFileReference; lastKnownFileType = sourcecode.swift; path = ButtonTextField.swift; sourceTree = "<group>"; };
		BA779C102B2C68E8006F5D5D /* PhoneAuthenticationViewModel.swift */ = {isa = PBXFileReference; lastKnownFileType = sourcecode.swift; path = PhoneAuthenticationViewModel.swift; sourceTree = "<group>"; };
		BA8ACDAE2AF4ECEB00A157E1 /* Friendly.app */ = {isa = PBXFileReference; explicitFileType = wrapper.application; includeInIndex = 0; path = Friendly.app; sourceTree = BUILT_PRODUCTS_DIR; };
		BA8ACDB12AF4ECEB00A157E1 /* FriendlyApp.swift */ = {isa = PBXFileReference; lastKnownFileType = sourcecode.swift; path = FriendlyApp.swift; sourceTree = "<group>"; };
		BA8ACDB32AF4ECEB00A157E1 /* CoordinatorView.swift */ = {isa = PBXFileReference; lastKnownFileType = sourcecode.swift; path = CoordinatorView.swift; sourceTree = "<group>"; };
		BA8ACDB52AF4ECEC00A157E1 /* Assets.xcassets */ = {isa = PBXFileReference; lastKnownFileType = folder.assetcatalog; path = Assets.xcassets; sourceTree = "<group>"; };
		BA8ACDBE2AF4ECED00A157E1 /* FriendlyTests.xctest */ = {isa = PBXFileReference; explicitFileType = wrapper.cfbundle; includeInIndex = 0; path = FriendlyTests.xctest; sourceTree = BUILT_PRODUCTS_DIR; };
		BA8ACDC22AF4ECED00A157E1 /* FriendlyTests.swift */ = {isa = PBXFileReference; lastKnownFileType = sourcecode.swift; path = FriendlyTests.swift; sourceTree = "<group>"; };
		BA8ACDC82AF4ECED00A157E1 /* FriendlyUITests.xctest */ = {isa = PBXFileReference; explicitFileType = wrapper.cfbundle; includeInIndex = 0; path = FriendlyUITests.xctest; sourceTree = BUILT_PRODUCTS_DIR; };
		BA8ACDCC2AF4ECED00A157E1 /* FriendlyUITests.swift */ = {isa = PBXFileReference; lastKnownFileType = sourcecode.swift; path = FriendlyUITests.swift; sourceTree = "<group>"; };
		BA8ACDCE2AF4ECED00A157E1 /* FriendlyUITestsLaunchTests.swift */ = {isa = PBXFileReference; lastKnownFileType = sourcecode.swift; path = FriendlyUITestsLaunchTests.swift; sourceTree = "<group>"; };
		BA8ACDDB2AF4EF7000A157E1 /* MainCoordinator.swift */ = {isa = PBXFileReference; lastKnownFileType = sourcecode.swift; path = MainCoordinator.swift; sourceTree = "<group>"; };
		BA8ACDDF2AF4F84900A157E1 /* he */ = {isa = PBXFileReference; lastKnownFileType = text.plist.strings; name = he; path = he.lproj/Localizable.strings; sourceTree = "<group>"; };
		BA8ACDE02AF4F84900A157E1 /* en */ = {isa = PBXFileReference; lastKnownFileType = text.plist.strings; name = en; path = en.lproj/Localizable.strings; sourceTree = "<group>"; };
		BA8ACDE12AF4F84900A157E1 /* Translations.swift */ = {isa = PBXFileReference; fileEncoding = 4; lastKnownFileType = sourcecode.swift; path = Translations.swift; sourceTree = "<group>"; };
		BA8ACDE52AF4F87400A157E1 /* UIColor+Extension.swift */ = {isa = PBXFileReference; fileEncoding = 4; lastKnownFileType = sourcecode.swift; path = "UIColor+Extension.swift"; sourceTree = "<group>"; };
		BA8ACDE62AF4F87400A157E1 /* UILabel+Extension.swift */ = {isa = PBXFileReference; fileEncoding = 4; lastKnownFileType = sourcecode.swift; path = "UILabel+Extension.swift"; sourceTree = "<group>"; };
		BA8ACDE72AF4F87400A157E1 /* UIButton+Extension.swift */ = {isa = PBXFileReference; fileEncoding = 4; lastKnownFileType = sourcecode.swift; path = "UIButton+Extension.swift"; sourceTree = "<group>"; };
		BA8ACDE82AF4F87400A157E1 /* UIView+Extension.swift */ = {isa = PBXFileReference; fileEncoding = 4; lastKnownFileType = sourcecode.swift; path = "UIView+Extension.swift"; sourceTree = "<group>"; };
		BA8ACDE92AF4F87400A157E1 /* UIViewController+Extension.swift */ = {isa = PBXFileReference; fileEncoding = 4; lastKnownFileType = sourcecode.swift; path = "UIViewController+Extension.swift"; sourceTree = "<group>"; };
		BA8ACDEA2AF4F87400A157E1 /* String+Extension.swift */ = {isa = PBXFileReference; fileEncoding = 4; lastKnownFileType = sourcecode.swift; path = "String+Extension.swift"; sourceTree = "<group>"; };
		BA8ACDEB2AF4F87400A157E1 /* Data+Extension.swift */ = {isa = PBXFileReference; fileEncoding = 4; lastKnownFileType = sourcecode.swift; path = "Data+Extension.swift"; sourceTree = "<group>"; };
		BA8ACDEC2AF4F87400A157E1 /* UITextfield+Extension.swift */ = {isa = PBXFileReference; fileEncoding = 4; lastKnownFileType = sourcecode.swift; path = "UITextfield+Extension.swift"; sourceTree = "<group>"; };
		BA8ACDED2AF4F87400A157E1 /* UITableView+Extension.swift */ = {isa = PBXFileReference; fileEncoding = 4; lastKnownFileType = sourcecode.swift; path = "UITableView+Extension.swift"; sourceTree = "<group>"; };
		BA8ACDF72AF4F89300A157E1 /* Constants.swift */ = {isa = PBXFileReference; fileEncoding = 4; lastKnownFileType = sourcecode.swift; path = Constants.swift; sourceTree = "<group>"; };
		BA8ACDFA2AF4F8F000A157E1 /* Colors.xcassets */ = {isa = PBXFileReference; lastKnownFileType = folder.assetcatalog; path = Colors.xcassets; sourceTree = "<group>"; };
		BA8ACDFD2AF4F91400A157E1 /* CountriesResponse.swift */ = {isa = PBXFileReference; fileEncoding = 4; lastKnownFileType = sourcecode.swift; path = CountriesResponse.swift; sourceTree = "<group>"; };
		BA8ACDFE2AF4F91400A157E1 /* CountryExtension.swift */ = {isa = PBXFileReference; fileEncoding = 4; lastKnownFileType = sourcecode.swift; path = CountryExtension.swift; sourceTree = "<group>"; };
		BA8ACDFF2AF4F91400A157E1 /* CountriesCollection.swift */ = {isa = PBXFileReference; fileEncoding = 4; lastKnownFileType = sourcecode.swift; path = CountriesCollection.swift; sourceTree = "<group>"; };
		BA8ACE022AF4F91400A157E1 /* StaticEndPoints.swift */ = {isa = PBXFileReference; fileEncoding = 4; lastKnownFileType = sourcecode.swift; path = StaticEndPoints.swift; sourceTree = "<group>"; };
		BA8ACE042AF4F91400A157E1 /* DataProviders.swift */ = {isa = PBXFileReference; fileEncoding = 4; lastKnownFileType = sourcecode.swift; path = DataProviders.swift; sourceTree = "<group>"; };
		BA8ACE052AF4F91400A157E1 /* StaticDataProvider.swift */ = {isa = PBXFileReference; fileEncoding = 4; lastKnownFileType = sourcecode.swift; path = StaticDataProvider.swift; sourceTree = "<group>"; };
		BA8ACE062AF4F91400A157E1 /* NetworkManager.swift */ = {isa = PBXFileReference; fileEncoding = 4; lastKnownFileType = sourcecode.swift; path = NetworkManager.swift; sourceTree = "<group>"; };
		BA8ACE082AF4F91400A157E1 /* JSONResolver+Countries.swift */ = {isa = PBXFileReference; fileEncoding = 4; lastKnownFileType = sourcecode.swift; path = "JSONResolver+Countries.swift"; sourceTree = "<group>"; };
		BA8ACE122AF4F93800A157E1 /* CountryCodes.json */ = {isa = PBXFileReference; fileEncoding = 4; lastKnownFileType = text.json; path = CountryCodes.json; sourceTree = "<group>"; };
		BA8ACE162AF4F9AD00A157E1 /* LoginView.swift */ = {isa = PBXFileReference; lastKnownFileType = sourcecode.swift; path = LoginView.swift; sourceTree = "<group>"; };
		BA9FA8CE2AF4FDDC00F5CF50 /* FriendlySwift.appex */ = {isa = PBXFileReference; explicitFileType = "wrapper.app-extension"; includeInIndex = 0; path = FriendlySwift.appex; sourceTree = BUILT_PRODUCTS_DIR; };
		BA9FA8D02AF4FDDC00F5CF50 /* AuthenticationServices.framework */ = {isa = PBXFileReference; lastKnownFileType = wrapper.framework; name = AuthenticationServices.framework; path = System/Library/Frameworks/AuthenticationServices.framework; sourceTree = SDKROOT; };
		BA9FA8D32AF4FDDC00F5CF50 /* AccountAuthenticationModificationViewController.swift */ = {isa = PBXFileReference; lastKnownFileType = sourcecode.swift; path = AccountAuthenticationModificationViewController.swift; sourceTree = "<group>"; };
		BA9FA8D62AF4FDDC00F5CF50 /* Base */ = {isa = PBXFileReference; lastKnownFileType = file.storyboard; name = Base; path = Base.lproj/MainInterface.storyboard; sourceTree = "<group>"; };
		BA9FA8D82AF4FDDC00F5CF50 /* Info.plist */ = {isa = PBXFileReference; lastKnownFileType = text.plist.xml; path = Info.plist; sourceTree = "<group>"; };
		BACE77AB2B5AAF3B0089F96B /* Coordinator.swift */ = {isa = PBXFileReference; lastKnownFileType = sourcecode.swift; path = Coordinator.swift; sourceTree = "<group>"; };
		BAD0E8D02B2DCB460092CA55 /* JsonResolverParams.swift */ = {isa = PBXFileReference; lastKnownFileType = sourcecode.swift; path = JsonResolverParams.swift; sourceTree = "<group>"; };
		BAD0E8D52B2DCC3C0092CA55 /* CountriesView.swift */ = {isa = PBXFileReference; lastKnownFileType = sourcecode.swift; path = CountriesView.swift; sourceTree = "<group>"; };
		BAD0E8D72B2DCC490092CA55 /* CountriesViewModel.swift */ = {isa = PBXFileReference; lastKnownFileType = sourcecode.swift; path = CountriesViewModel.swift; sourceTree = "<group>"; };
		BAFE6B342AF508DB00613CEF /* CustomSocialButton.swift */ = {isa = PBXFileReference; lastKnownFileType = sourcecode.swift; path = CustomSocialButton.swift; sourceTree = "<group>"; };
		BAFE6B362AF5134B00613CEF /* Images.xcassets */ = {isa = PBXFileReference; lastKnownFileType = folder.assetcatalog; path = Images.xcassets; sourceTree = "<group>"; };
		BAFE6B392AF51F2500613CEF /* LoginViewModel.swift */ = {isa = PBXFileReference; lastKnownFileType = sourcecode.swift; path = LoginViewModel.swift; sourceTree = "<group>"; };
		BAFE6B3C2AF51F8800613CEF /* PhoneAuthentication.swift */ = {isa = PBXFileReference; lastKnownFileType = sourcecode.swift; path = PhoneAuthentication.swift; sourceTree = "<group>"; };
/* End PBXFileReference section */

/* Begin PBXFrameworksBuildPhase section */
		BA8ACDAB2AF4ECEB00A157E1 /* Frameworks */ = {
			isa = PBXFrameworksBuildPhase;
			buildActionMask = 2147483647;
			files = (
				BA9FA8C72AF4FBEA00F5CF50 /* CombineMoya in Frameworks */,
				BA9FA8C42AF4FBB600F5CF50 /* Lottie in Frameworks */,
				BA9FA8C92AF4FBEA00F5CF50 /* Moya in Frameworks */,
			);
			runOnlyForDeploymentPostprocessing = 0;
		};
		BA8ACDBB2AF4ECED00A157E1 /* Frameworks */ = {
			isa = PBXFrameworksBuildPhase;
			buildActionMask = 2147483647;
			files = (
			);
			runOnlyForDeploymentPostprocessing = 0;
		};
		BA8ACDC52AF4ECED00A157E1 /* Frameworks */ = {
			isa = PBXFrameworksBuildPhase;
			buildActionMask = 2147483647;
			files = (
			);
			runOnlyForDeploymentPostprocessing = 0;
		};
		BA9FA8CB2AF4FDDC00F5CF50 /* Frameworks */ = {
			isa = PBXFrameworksBuildPhase;
			buildActionMask = 2147483647;
			files = (
				BA9FA8D12AF4FDDC00F5CF50 /* AuthenticationServices.framework in Frameworks */,
			);
			runOnlyForDeploymentPostprocessing = 0;
		};
/* End PBXFrameworksBuildPhase section */

/* Begin PBXGroup section */
		BA8ACDA52AF4ECEB00A157E1 = {
			isa = PBXGroup;
			children = (
				BA8ACDB02AF4ECEB00A157E1 /* Friendly */,
				BA8ACDC12AF4ECED00A157E1 /* FriendlyTests */,
				BA8ACDCB2AF4ECED00A157E1 /* FriendlyUITests */,
				BA9FA8D22AF4FDDC00F5CF50 /* FriendlySwift */,
				BA9FA8CF2AF4FDDC00F5CF50 /* Frameworks */,
				BA8ACDAF2AF4ECEB00A157E1 /* Products */,
			);
			sourceTree = "<group>";
		};
		BA8ACDAF2AF4ECEB00A157E1 /* Products */ = {
			isa = PBXGroup;
			children = (
				BA8ACDAE2AF4ECEB00A157E1 /* Friendly.app */,
				BA8ACDBE2AF4ECED00A157E1 /* FriendlyTests.xctest */,
				BA8ACDC82AF4ECED00A157E1 /* FriendlyUITests.xctest */,
				BA9FA8CE2AF4FDDC00F5CF50 /* FriendlySwift.appex */,
			);
			name = Products;
			sourceTree = "<group>";
		};
		BA8ACDB02AF4ECEB00A157E1 /* Friendly */ = {
			isa = PBXGroup;
			children = (
				BA8ACDB12AF4ECEB00A157E1 /* FriendlyApp.swift */,
				BAD0E8D22B2DCBFC0092CA55 /* Utils */,
				BA8ACE142AF4F99500A157E1 /* Modules */,
				BA8ACDB32AF4ECEB00A157E1 /* CoordinatorView.swift */,
				BA8ACDFC2AF4F91400A157E1 /* Models */,
				BA8ACE112AF4F93800A157E1 /* Static JSON */,
				BA8ACE002AF4F91400A157E1 /* Networking */,
				BA8ACDFA2AF4F8F000A157E1 /* Colors.xcassets */,
				BAFE6B362AF5134B00613CEF /* Images.xcassets */,
				BA8ACDB52AF4ECEC00A157E1 /* Assets.xcassets */,
				BA8ACDE42AF4F87400A157E1 /* Extensions */,
				BA8ACDDB2AF4EF7000A157E1 /* MainCoordinator.swift */,
				BACE77A62B5AAA780089F96B /* Protocols */,
				BA8ACDF72AF4F89300A157E1 /* Constants.swift */,
				BA8ACDDD2AF4F84900A157E1 /* Localizable */,
			);
			path = Friendly;
			sourceTree = "<group>";
		};
		BA8ACDC12AF4ECED00A157E1 /* FriendlyTests */ = {
			isa = PBXGroup;
			children = (
				BA8ACDC22AF4ECED00A157E1 /* FriendlyTests.swift */,
			);
			path = FriendlyTests;
			sourceTree = "<group>";
		};
		BA8ACDCB2AF4ECED00A157E1 /* FriendlyUITests */ = {
			isa = PBXGroup;
			children = (
				BA8ACDCC2AF4ECED00A157E1 /* FriendlyUITests.swift */,
				BA8ACDCE2AF4ECED00A157E1 /* FriendlyUITestsLaunchTests.swift */,
			);
			path = FriendlyUITests;
			sourceTree = "<group>";
		};
		BA8ACDDD2AF4F84900A157E1 /* Localizable */ = {
			isa = PBXGroup;
			children = (
				BA8ACDDE2AF4F84900A157E1 /* Localizable.strings */,
				BA8ACDE12AF4F84900A157E1 /* Translations.swift */,
			);
			path = Localizable;
			sourceTree = "<group>";
		};
		BA8ACDE42AF4F87400A157E1 /* Extensions */ = {
			isa = PBXGroup;
			children = (
				BA8ACDE52AF4F87400A157E1 /* UIColor+Extension.swift */,
				BA8ACDE62AF4F87400A157E1 /* UILabel+Extension.swift */,
				BA8ACDE72AF4F87400A157E1 /* UIButton+Extension.swift */,
				BA8ACDE82AF4F87400A157E1 /* UIView+Extension.swift */,
				BA8ACDE92AF4F87400A157E1 /* UIViewController+Extension.swift */,
				BA8ACDEA2AF4F87400A157E1 /* String+Extension.swift */,
				BA8ACDEB2AF4F87400A157E1 /* Data+Extension.swift */,
				BA8ACDEC2AF4F87400A157E1 /* UITextfield+Extension.swift */,
				BA8ACDED2AF4F87400A157E1 /* UITableView+Extension.swift */,
			);
			path = Extensions;
			sourceTree = "<group>";
		};
		BA8ACDFC2AF4F91400A157E1 /* Models */ = {
			isa = PBXGroup;
			children = (
				BA8ACDFD2AF4F91400A157E1 /* CountriesResponse.swift */,
				BA8ACDFE2AF4F91400A157E1 /* CountryExtension.swift */,
				BA8ACDFF2AF4F91400A157E1 /* CountriesCollection.swift */,
			);
			path = Models;
			sourceTree = "<group>";
		};
		BA8ACE002AF4F91400A157E1 /* Networking */ = {
			isa = PBXGroup;
			children = (
				BA8ACE012AF4F91400A157E1 /* EndPoints */,
				BA8ACE032AF4F91400A157E1 /* DataProviders */,
				BA8ACE072AF4F91400A157E1 /* JSONResolver */,
			);
			path = Networking;
			sourceTree = "<group>";
		};
		BA8ACE012AF4F91400A157E1 /* EndPoints */ = {
			isa = PBXGroup;
			children = (
				BA8ACE022AF4F91400A157E1 /* StaticEndPoints.swift */,
			);
			path = EndPoints;
			sourceTree = "<group>";
		};
		BA8ACE032AF4F91400A157E1 /* DataProviders */ = {
			isa = PBXGroup;
			children = (
				BA8ACE042AF4F91400A157E1 /* DataProviders.swift */,
				BA8ACE052AF4F91400A157E1 /* StaticDataProvider.swift */,
			);
			path = DataProviders;
			sourceTree = "<group>";
		};
		BA8ACE072AF4F91400A157E1 /* JSONResolver */ = {
			isa = PBXGroup;
			children = (
				BA8ACE062AF4F91400A157E1 /* NetworkManager.swift */,
				BA8ACE082AF4F91400A157E1 /* JSONResolver+Countries.swift */,
				BAD0E8D02B2DCB460092CA55 /* JsonResolverParams.swift */,
			);
			path = JSONResolver;
			sourceTree = "<group>";
		};
		BA8ACE112AF4F93800A157E1 /* Static JSON */ = {
			isa = PBXGroup;
			children = (
				BA8ACE122AF4F93800A157E1 /* CountryCodes.json */,
			);
			path = "Static JSON";
			sourceTree = "<group>";
		};
		BA8ACE142AF4F99500A157E1 /* Modules */ = {
			isa = PBXGroup;
			children = (
				BAD0E8D42B2DCC2D0092CA55 /* Countries */,
				BA8ACE152AF4F99A00A157E1 /* Login */,
			);
			path = Modules;
			sourceTree = "<group>";
		};
		BA8ACE152AF4F99A00A157E1 /* Login */ = {
			isa = PBXGroup;
			children = (
				BAFE6B3B2AF51F6400613CEF /* PhoneView */,
				BA8ACE162AF4F9AD00A157E1 /* LoginView.swift */,
				BAFE6B392AF51F2500613CEF /* LoginViewModel.swift */,
			);
			path = Login;
			sourceTree = "<group>";
		};
		BA9FA8CF2AF4FDDC00F5CF50 /* Frameworks */ = {
			isa = PBXGroup;
			children = (
				BA9FA8D02AF4FDDC00F5CF50 /* AuthenticationServices.framework */,
			);
			name = Frameworks;
			sourceTree = "<group>";
		};
		BA9FA8D22AF4FDDC00F5CF50 /* FriendlySwift */ = {
			isa = PBXGroup;
			children = (
				BA9FA8D32AF4FDDC00F5CF50 /* AccountAuthenticationModificationViewController.swift */,
				BA9FA8D52AF4FDDC00F5CF50 /* MainInterface.storyboard */,
				BA9FA8D82AF4FDDC00F5CF50 /* Info.plist */,
			);
			path = FriendlySwift;
			sourceTree = "<group>";
		};
		BACE77A62B5AAA780089F96B /* Protocols */ = {
			isa = PBXGroup;
			children = (
				BACE77A72B5AAA890089F96B /* Coordinator */,
			);
			path = Protocols;
			sourceTree = "<group>";
		};
		BACE77A72B5AAA890089F96B /* Coordinator */ = {
			isa = PBXGroup;
			children = (
				BACE77A82B5AAAB80089F96B /* PhoneAuthenticate */,
				BACE77AB2B5AAF3B0089F96B /* Coordinator.swift */,
			);
			path = Coordinator;
			sourceTree = "<group>";
		};
		BACE77A82B5AAAB80089F96B /* PhoneAuthenticate */ = {
			isa = PBXGroup;
			children = (
			);
			path = PhoneAuthenticate;
			sourceTree = "<group>";
		};
		BAD0E8D22B2DCBFC0092CA55 /* Utils */ = {
			isa = PBXGroup;
			children = (
				BAD0E8D32B2DCC0F0092CA55 /* Views */,
			);
			path = Utils;
			sourceTree = "<group>";
		};
		BAD0E8D32B2DCC0F0092CA55 /* Views */ = {
			isa = PBXGroup;
			children = (
				BAFE6B342AF508DB00613CEF /* CustomSocialButton.swift */,
				BA779C0E2B2C607B006F5D5D /* ButtonTextField.swift */,
			);
			path = Views;
			sourceTree = "<group>";
		};
		BAD0E8D42B2DCC2D0092CA55 /* Countries */ = {
			isa = PBXGroup;
			children = (
				BAD0E8D52B2DCC3C0092CA55 /* CountriesView.swift */,
				BAD0E8D72B2DCC490092CA55 /* CountriesViewModel.swift */,
			);
			path = Countries;
			sourceTree = "<group>";
		};
		BAFE6B3B2AF51F6400613CEF /* PhoneView */ = {
			isa = PBXGroup;
			children = (
				BAFE6B3C2AF51F8800613CEF /* PhoneAuthentication.swift */,
				BA779C102B2C68E8006F5D5D /* PhoneAuthenticationViewModel.swift */,
			);
			path = PhoneView;
			sourceTree = "<group>";
		};
/* End PBXGroup section */

/* Begin PBXNativeTarget section */
		BA8ACDAD2AF4ECEB00A157E1 /* Friendly */ = {
			isa = PBXNativeTarget;
			buildConfigurationList = BA8ACDD22AF4ECED00A157E1 /* Build configuration list for PBXNativeTarget "Friendly" */;
			buildPhases = (
				BA8ACDAA2AF4ECEB00A157E1 /* Sources */,
				BA8ACDAB2AF4ECEB00A157E1 /* Frameworks */,
				BA8ACDAC2AF4ECEB00A157E1 /* Resources */,
				BA9FA8DF2AF4FDDC00F5CF50 /* Embed Foundation Extensions */,
			);
			buildRules = (
			);
			dependencies = (
				BA9FA8DA2AF4FDDC00F5CF50 /* PBXTargetDependency */,
			);
			name = Friendly;
			packageProductDependencies = (
				BA9FA8C32AF4FBB600F5CF50 /* Lottie */,
				BA9FA8C62AF4FBEA00F5CF50 /* CombineMoya */,
				BA9FA8C82AF4FBEA00F5CF50 /* Moya */,
			);
			productName = Friendly;
			productReference = BA8ACDAE2AF4ECEB00A157E1 /* Friendly.app */;
			productType = "com.apple.product-type.application";
		};
		BA8ACDBD2AF4ECED00A157E1 /* FriendlyTests */ = {
			isa = PBXNativeTarget;
			buildConfigurationList = BA8ACDD52AF4ECED00A157E1 /* Build configuration list for PBXNativeTarget "FriendlyTests" */;
			buildPhases = (
				BA8ACDBA2AF4ECED00A157E1 /* Sources */,
				BA8ACDBB2AF4ECED00A157E1 /* Frameworks */,
				BA8ACDBC2AF4ECED00A157E1 /* Resources */,
			);
			buildRules = (
			);
			dependencies = (
				BA8ACDC02AF4ECED00A157E1 /* PBXTargetDependency */,
			);
			name = FriendlyTests;
			productName = FriendlyTests;
			productReference = BA8ACDBE2AF4ECED00A157E1 /* FriendlyTests.xctest */;
			productType = "com.apple.product-type.bundle.unit-test";
		};
		BA8ACDC72AF4ECED00A157E1 /* FriendlyUITests */ = {
			isa = PBXNativeTarget;
			buildConfigurationList = BA8ACDD82AF4ECED00A157E1 /* Build configuration list for PBXNativeTarget "FriendlyUITests" */;
			buildPhases = (
				BA8ACDC42AF4ECED00A157E1 /* Sources */,
				BA8ACDC52AF4ECED00A157E1 /* Frameworks */,
				BA8ACDC62AF4ECED00A157E1 /* Resources */,
			);
			buildRules = (
			);
			dependencies = (
				BA8ACDCA2AF4ECED00A157E1 /* PBXTargetDependency */,
			);
			name = FriendlyUITests;
			productName = FriendlyUITests;
			productReference = BA8ACDC82AF4ECED00A157E1 /* FriendlyUITests.xctest */;
			productType = "com.apple.product-type.bundle.ui-testing";
		};
		BA9FA8CD2AF4FDDC00F5CF50 /* FriendlySwift */ = {
			isa = PBXNativeTarget;
			buildConfigurationList = BA9FA8DC2AF4FDDC00F5CF50 /* Build configuration list for PBXNativeTarget "FriendlySwift" */;
			buildPhases = (
				BA9FA8CA2AF4FDDC00F5CF50 /* Sources */,
				BA9FA8CB2AF4FDDC00F5CF50 /* Frameworks */,
				BA9FA8CC2AF4FDDC00F5CF50 /* Resources */,
			);
			buildRules = (
			);
			dependencies = (
			);
			name = FriendlySwift;
			productName = FriendlySwift;
			productReference = BA9FA8CE2AF4FDDC00F5CF50 /* FriendlySwift.appex */;
			productType = "com.apple.product-type.app-extension";
		};
/* End PBXNativeTarget section */

/* Begin PBXProject section */
		BA8ACDA62AF4ECEB00A157E1 /* Project object */ = {
			isa = PBXProject;
			attributes = {
				BuildIndependentTargetsInParallel = 1;
				LastSwiftUpdateCheck = 1430;
				LastUpgradeCheck = 1430;
				TargetAttributes = {
					BA8ACDAD2AF4ECEB00A157E1 = {
						CreatedOnToolsVersion = 14.3.1;
					};
					BA8ACDBD2AF4ECED00A157E1 = {
						CreatedOnToolsVersion = 14.3.1;
						TestTargetID = BA8ACDAD2AF4ECEB00A157E1;
					};
					BA8ACDC72AF4ECED00A157E1 = {
						CreatedOnToolsVersion = 14.3.1;
						TestTargetID = BA8ACDAD2AF4ECEB00A157E1;
					};
					BA9FA8CD2AF4FDDC00F5CF50 = {
						CreatedOnToolsVersion = 14.3.1;
					};
				};
			};
			buildConfigurationList = BA8ACDA92AF4ECEB00A157E1 /* Build configuration list for PBXProject "Friendly" */;
			compatibilityVersion = "Xcode 14.0";
			developmentRegion = en;
			hasScannedForEncodings = 0;
			knownRegions = (
				en,
				Base,
				he,
			);
			mainGroup = BA8ACDA52AF4ECEB00A157E1;
			packageReferences = (
				BA9FA8C22AF4FBB600F5CF50 /* XCRemoteSwiftPackageReference "lottie-ios" */,
				BA9FA8C52AF4FBEA00F5CF50 /* XCRemoteSwiftPackageReference "Moya" */,
			);
			productRefGroup = BA8ACDAF2AF4ECEB00A157E1 /* Products */;
			projectDirPath = "";
			projectRoot = "";
			targets = (
				BA8ACDAD2AF4ECEB00A157E1 /* Friendly */,
				BA8ACDBD2AF4ECED00A157E1 /* FriendlyTests */,
				BA8ACDC72AF4ECED00A157E1 /* FriendlyUITests */,
				BA9FA8CD2AF4FDDC00F5CF50 /* FriendlySwift */,
			);
		};
/* End PBXProject section */

/* Begin PBXResourcesBuildPhase section */
		BA8ACDAC2AF4ECEB00A157E1 /* Resources */ = {
			isa = PBXResourcesBuildPhase;
			buildActionMask = 2147483647;
			files = (
				BAFE6B372AF5134B00613CEF /* Images.xcassets in Resources */,
				BA8ACDE22AF4F84900A157E1 /* Localizable.strings in Resources */,
				BA8ACDB62AF4ECEC00A157E1 /* Assets.xcassets in Resources */,
				BA8ACE132AF4F93800A157E1 /* CountryCodes.json in Resources */,
			);
			runOnlyForDeploymentPostprocessing = 0;
		};
		BA8ACDBC2AF4ECED00A157E1 /* Resources */ = {
			isa = PBXResourcesBuildPhase;
			buildActionMask = 2147483647;
			files = (
			);
			runOnlyForDeploymentPostprocessing = 0;
		};
		BA8ACDC62AF4ECED00A157E1 /* Resources */ = {
			isa = PBXResourcesBuildPhase;
			buildActionMask = 2147483647;
			files = (
				BA8ACDFB2AF4F8F000A157E1 /* Colors.xcassets in Resources */,
			);
			runOnlyForDeploymentPostprocessing = 0;
		};
		BA9FA8CC2AF4FDDC00F5CF50 /* Resources */ = {
			isa = PBXResourcesBuildPhase;
			buildActionMask = 2147483647;
			files = (
				BA9FA8D72AF4FDDC00F5CF50 /* MainInterface.storyboard in Resources */,
			);
			runOnlyForDeploymentPostprocessing = 0;
		};
/* End PBXResourcesBuildPhase section */

/* Begin PBXSourcesBuildPhase section */
		BA8ACDAA2AF4ECEB00A157E1 /* Sources */ = {
			isa = PBXSourcesBuildPhase;
			buildActionMask = 2147483647;
			files = (
				BA8ACE0E2AF4F91400A157E1 /* StaticDataProvider.swift in Sources */,
				BA8ACDF22AF4F87400A157E1 /* UIViewController+Extension.swift in Sources */,
				BA8ACE102AF4F91400A157E1 /* JSONResolver+Countries.swift in Sources */,
				BAFE6B352AF508DB00613CEF /* CustomSocialButton.swift in Sources */,
				BA8ACE0D2AF4F91400A157E1 /* DataProviders.swift in Sources */,
				BA8ACE172AF4F9AD00A157E1 /* LoginView.swift in Sources */,
				BA8ACE0F2AF4F91400A157E1 /* NetworkManager.swift in Sources */,
				BA8ACDB42AF4ECEB00A157E1 /* CoordinatorView.swift in Sources */,
				BA8ACE0A2AF4F91400A157E1 /* CountryExtension.swift in Sources */,
				BAD0E8D12B2DCB460092CA55 /* JsonResolverParams.swift in Sources */,
				BA8ACDB22AF4ECEB00A157E1 /* FriendlyApp.swift in Sources */,
				BA8ACDF12AF4F87400A157E1 /* UIView+Extension.swift in Sources */,
				BA8ACDEF2AF4F87400A157E1 /* UILabel+Extension.swift in Sources */,
				BA8ACDDC2AF4EF7000A157E1 /* MainCoordinator.swift in Sources */,
				BAFE6B3A2AF51F2500613CEF /* LoginViewModel.swift in Sources */,
				BAFE6B3D2AF51F8800613CEF /* PhoneAuthentication.swift in Sources */,
				BACE77AC2B5AAF3B0089F96B /* Coordinator.swift in Sources */,
				BA779C112B2C68E8006F5D5D /* PhoneAuthenticationViewModel.swift in Sources */,
				BA8ACDE32AF4F84900A157E1 /* Translations.swift in Sources */,
				BA8ACE0C2AF4F91400A157E1 /* StaticEndPoints.swift in Sources */,
				BA8ACDEE2AF4F87400A157E1 /* UIColor+Extension.swift in Sources */,
				BA8ACE092AF4F91400A157E1 /* CountriesResponse.swift in Sources */,
				BAD0E8D82B2DCC490092CA55 /* CountriesViewModel.swift in Sources */,
				BA8ACDF42AF4F87400A157E1 /* Data+Extension.swift in Sources */,
				BA8ACE0B2AF4F91400A157E1 /* CountriesCollection.swift in Sources */,
				BA8ACDF52AF4F87400A157E1 /* UITextfield+Extension.swift in Sources */,
				BA8ACDF32AF4F87400A157E1 /* String+Extension.swift in Sources */,
				BA8ACDF92AF4F8AF00A157E1 /* Constants.swift in Sources */,
				BA8ACDF02AF4F87400A157E1 /* UIButton+Extension.swift in Sources */,
				BA8ACDF62AF4F87400A157E1 /* UITableView+Extension.swift in Sources */,
				BAD0E8D62B2DCC3C0092CA55 /* CountriesView.swift in Sources */,
				BA779C0F2B2C607C006F5D5D /* ButtonTextField.swift in Sources */,
			);
			runOnlyForDeploymentPostprocessing = 0;
		};
		BA8ACDBA2AF4ECED00A157E1 /* Sources */ = {
			isa = PBXSourcesBuildPhase;
			buildActionMask = 2147483647;
			files = (
				BA8ACDC32AF4ECED00A157E1 /* FriendlyTests.swift in Sources */,
			);
			runOnlyForDeploymentPostprocessing = 0;
		};
		BA8ACDC42AF4ECED00A157E1 /* Sources */ = {
			isa = PBXSourcesBuildPhase;
			buildActionMask = 2147483647;
			files = (
				BA8ACDCF2AF4ECED00A157E1 /* FriendlyUITestsLaunchTests.swift in Sources */,
				BA8ACDCD2AF4ECED00A157E1 /* FriendlyUITests.swift in Sources */,
			);
			runOnlyForDeploymentPostprocessing = 0;
		};
		BA9FA8CA2AF4FDDC00F5CF50 /* Sources */ = {
			isa = PBXSourcesBuildPhase;
			buildActionMask = 2147483647;
			files = (
				BA9FA8D42AF4FDDC00F5CF50 /* AccountAuthenticationModificationViewController.swift in Sources */,
			);
			runOnlyForDeploymentPostprocessing = 0;
		};
/* End PBXSourcesBuildPhase section */

/* Begin PBXTargetDependency section */
		BA8ACDC02AF4ECED00A157E1 /* PBXTargetDependency */ = {
			isa = PBXTargetDependency;
			target = BA8ACDAD2AF4ECEB00A157E1 /* Friendly */;
			targetProxy = BA8ACDBF2AF4ECED00A157E1 /* PBXContainerItemProxy */;
		};
		BA8ACDCA2AF4ECED00A157E1 /* PBXTargetDependency */ = {
			isa = PBXTargetDependency;
			target = BA8ACDAD2AF4ECEB00A157E1 /* Friendly */;
			targetProxy = BA8ACDC92AF4ECED00A157E1 /* PBXContainerItemProxy */;
		};
		BA9FA8DA2AF4FDDC00F5CF50 /* PBXTargetDependency */ = {
			isa = PBXTargetDependency;
			target = BA9FA8CD2AF4FDDC00F5CF50 /* FriendlySwift */;
			targetProxy = BA9FA8D92AF4FDDC00F5CF50 /* PBXContainerItemProxy */;
		};
/* End PBXTargetDependency section */

/* Begin PBXVariantGroup section */
		BA8ACDDE2AF4F84900A157E1 /* Localizable.strings */ = {
			isa = PBXVariantGroup;
			children = (
				BA8ACDDF2AF4F84900A157E1 /* he */,
				BA8ACDE02AF4F84900A157E1 /* en */,
			);
			name = Localizable.strings;
			sourceTree = "<group>";
		};
		BA9FA8D52AF4FDDC00F5CF50 /* MainInterface.storyboard */ = {
			isa = PBXVariantGroup;
			children = (
				BA9FA8D62AF4FDDC00F5CF50 /* Base */,
			);
			name = MainInterface.storyboard;
			sourceTree = "<group>";
		};
/* End PBXVariantGroup section */

/* Begin XCBuildConfiguration section */
		BA8ACDD02AF4ECED00A157E1 /* Debug */ = {
			isa = XCBuildConfiguration;
			buildSettings = {
				ALWAYS_SEARCH_USER_PATHS = NO;
				CLANG_ANALYZER_NONNULL = YES;
				CLANG_ANALYZER_NUMBER_OBJECT_CONVERSION = YES_AGGRESSIVE;
				CLANG_CXX_LANGUAGE_STANDARD = "gnu++20";
				CLANG_ENABLE_MODULES = YES;
				CLANG_ENABLE_OBJC_ARC = YES;
				CLANG_ENABLE_OBJC_WEAK = YES;
				CLANG_WARN_BLOCK_CAPTURE_AUTORELEASING = YES;
				CLANG_WARN_BOOL_CONVERSION = YES;
				CLANG_WARN_COMMA = YES;
				CLANG_WARN_CONSTANT_CONVERSION = YES;
				CLANG_WARN_DEPRECATED_OBJC_IMPLEMENTATIONS = YES;
				CLANG_WARN_DIRECT_OBJC_ISA_USAGE = YES_ERROR;
				CLANG_WARN_DOCUMENTATION_COMMENTS = YES;
				CLANG_WARN_EMPTY_BODY = YES;
				CLANG_WARN_ENUM_CONVERSION = YES;
				CLANG_WARN_INFINITE_RECURSION = YES;
				CLANG_WARN_INT_CONVERSION = YES;
				CLANG_WARN_NON_LITERAL_NULL_CONVERSION = YES;
				CLANG_WARN_OBJC_IMPLICIT_RETAIN_SELF = YES;
				CLANG_WARN_OBJC_LITERAL_CONVERSION = YES;
				CLANG_WARN_OBJC_ROOT_CLASS = YES_ERROR;
				CLANG_WARN_QUOTED_INCLUDE_IN_FRAMEWORK_HEADER = YES;
				CLANG_WARN_RANGE_LOOP_ANALYSIS = YES;
				CLANG_WARN_STRICT_PROTOTYPES = YES;
				CLANG_WARN_SUSPICIOUS_MOVE = YES;
				CLANG_WARN_UNGUARDED_AVAILABILITY = YES_AGGRESSIVE;
				CLANG_WARN_UNREACHABLE_CODE = YES;
				CLANG_WARN__DUPLICATE_METHOD_MATCH = YES;
				COPY_PHASE_STRIP = NO;
				DEBUG_INFORMATION_FORMAT = dwarf;
				ENABLE_STRICT_OBJC_MSGSEND = YES;
				ENABLE_TESTABILITY = YES;
				GCC_C_LANGUAGE_STANDARD = gnu11;
				GCC_DYNAMIC_NO_PIC = NO;
				GCC_NO_COMMON_BLOCKS = YES;
				GCC_OPTIMIZATION_LEVEL = 0;
				GCC_PREPROCESSOR_DEFINITIONS = (
					"DEBUG=1",
					"$(inherited)",
				);
				GCC_WARN_64_TO_32_BIT_CONVERSION = YES;
				GCC_WARN_ABOUT_RETURN_TYPE = YES_ERROR;
				GCC_WARN_UNDECLARED_SELECTOR = YES;
				GCC_WARN_UNINITIALIZED_AUTOS = YES_AGGRESSIVE;
				GCC_WARN_UNUSED_FUNCTION = YES;
				GCC_WARN_UNUSED_VARIABLE = YES;
				IPHONEOS_DEPLOYMENT_TARGET = 16.4;
				MTL_ENABLE_DEBUG_INFO = INCLUDE_SOURCE;
				MTL_FAST_MATH = YES;
				ONLY_ACTIVE_ARCH = YES;
				SDKROOT = iphoneos;
				SWIFT_ACTIVE_COMPILATION_CONDITIONS = DEBUG;
				SWIFT_OPTIMIZATION_LEVEL = "-Onone";
			};
			name = Debug;
		};
		BA8ACDD12AF4ECED00A157E1 /* Release */ = {
			isa = XCBuildConfiguration;
			buildSettings = {
				ALWAYS_SEARCH_USER_PATHS = NO;
				CLANG_ANALYZER_NONNULL = YES;
				CLANG_ANALYZER_NUMBER_OBJECT_CONVERSION = YES_AGGRESSIVE;
				CLANG_CXX_LANGUAGE_STANDARD = "gnu++20";
				CLANG_ENABLE_MODULES = YES;
				CLANG_ENABLE_OBJC_ARC = YES;
				CLANG_ENABLE_OBJC_WEAK = YES;
				CLANG_WARN_BLOCK_CAPTURE_AUTORELEASING = YES;
				CLANG_WARN_BOOL_CONVERSION = YES;
				CLANG_WARN_COMMA = YES;
				CLANG_WARN_CONSTANT_CONVERSION = YES;
				CLANG_WARN_DEPRECATED_OBJC_IMPLEMENTATIONS = YES;
				CLANG_WARN_DIRECT_OBJC_ISA_USAGE = YES_ERROR;
				CLANG_WARN_DOCUMENTATION_COMMENTS = YES;
				CLANG_WARN_EMPTY_BODY = YES;
				CLANG_WARN_ENUM_CONVERSION = YES;
				CLANG_WARN_INFINITE_RECURSION = YES;
				CLANG_WARN_INT_CONVERSION = YES;
				CLANG_WARN_NON_LITERAL_NULL_CONVERSION = YES;
				CLANG_WARN_OBJC_IMPLICIT_RETAIN_SELF = YES;
				CLANG_WARN_OBJC_LITERAL_CONVERSION = YES;
				CLANG_WARN_OBJC_ROOT_CLASS = YES_ERROR;
				CLANG_WARN_QUOTED_INCLUDE_IN_FRAMEWORK_HEADER = YES;
				CLANG_WARN_RANGE_LOOP_ANALYSIS = YES;
				CLANG_WARN_STRICT_PROTOTYPES = YES;
				CLANG_WARN_SUSPICIOUS_MOVE = YES;
				CLANG_WARN_UNGUARDED_AVAILABILITY = YES_AGGRESSIVE;
				CLANG_WARN_UNREACHABLE_CODE = YES;
				CLANG_WARN__DUPLICATE_METHOD_MATCH = YES;
				COPY_PHASE_STRIP = NO;
				DEBUG_INFORMATION_FORMAT = "dwarf-with-dsym";
				ENABLE_NS_ASSERTIONS = NO;
				ENABLE_STRICT_OBJC_MSGSEND = YES;
				GCC_C_LANGUAGE_STANDARD = gnu11;
				GCC_NO_COMMON_BLOCKS = YES;
				GCC_WARN_64_TO_32_BIT_CONVERSION = YES;
				GCC_WARN_ABOUT_RETURN_TYPE = YES_ERROR;
				GCC_WARN_UNDECLARED_SELECTOR = YES;
				GCC_WARN_UNINITIALIZED_AUTOS = YES_AGGRESSIVE;
				GCC_WARN_UNUSED_FUNCTION = YES;
				GCC_WARN_UNUSED_VARIABLE = YES;
				IPHONEOS_DEPLOYMENT_TARGET = 16.4;
				MTL_ENABLE_DEBUG_INFO = NO;
				MTL_FAST_MATH = YES;
				SDKROOT = iphoneos;
				SWIFT_COMPILATION_MODE = wholemodule;
				SWIFT_OPTIMIZATION_LEVEL = "-O";
				VALIDATE_PRODUCT = YES;
			};
			name = Release;
		};
		BA8ACDD32AF4ECED00A157E1 /* Debug */ = {
			isa = XCBuildConfiguration;
			buildSettings = {
				ALWAYS_EMBED_SWIFT_STANDARD_LIBRARIES = YES;
				ASSETCATALOG_COMPILER_APPICON_NAME = AppIcon;
				ASSETCATALOG_COMPILER_GLOBAL_ACCENT_COLOR_NAME = AccentColor;
				CODE_SIGN_STYLE = Automatic;
				CURRENT_PROJECT_VERSION = 1;
				DEVELOPMENT_TEAM = LMNQ8K7V9N;
				ENABLE_PREVIEWS = YES;
				GENERATE_INFOPLIST_FILE = YES;
				INFOPLIST_KEY_UIApplicationSceneManifest_Generation = YES;
				INFOPLIST_KEY_UIApplicationSupportsIndirectInputEvents = YES;
				INFOPLIST_KEY_UILaunchScreen_Generation = YES;
				INFOPLIST_KEY_UISupportedInterfaceOrientations_iPad = "UIInterfaceOrientationPortrait UIInterfaceOrientationPortraitUpsideDown UIInterfaceOrientationLandscapeLeft UIInterfaceOrientationLandscapeRight";
				INFOPLIST_KEY_UISupportedInterfaceOrientations_iPhone = "UIInterfaceOrientationPortrait UIInterfaceOrientationLandscapeLeft UIInterfaceOrientationLandscapeRight";
				LD_RUNPATH_SEARCH_PATHS = (
					"$(inherited)",
					"@executable_path/Frameworks",
				);
				MARKETING_VERSION = 1.0;
				PRODUCT_BUNDLE_IDENTIFIER = com.shor.Friendly;
				PRODUCT_NAME = "$(TARGET_NAME)";
				SWIFT_EMIT_LOC_STRINGS = YES;
				SWIFT_VERSION = 5.0;
				TARGETED_DEVICE_FAMILY = "1,2";
			};
			name = Debug;
		};
		BA8ACDD42AF4ECED00A157E1 /* Release */ = {
			isa = XCBuildConfiguration;
			buildSettings = {
				ALWAYS_EMBED_SWIFT_STANDARD_LIBRARIES = YES;
				ASSETCATALOG_COMPILER_APPICON_NAME = AppIcon;
				ASSETCATALOG_COMPILER_GLOBAL_ACCENT_COLOR_NAME = AccentColor;
				CODE_SIGN_STYLE = Automatic;
				CURRENT_PROJECT_VERSION = 1;
				DEVELOPMENT_TEAM = LMNQ8K7V9N;
				ENABLE_PREVIEWS = YES;
				GENERATE_INFOPLIST_FILE = YES;
				INFOPLIST_KEY_UIApplicationSceneManifest_Generation = YES;
				INFOPLIST_KEY_UIApplicationSupportsIndirectInputEvents = YES;
				INFOPLIST_KEY_UILaunchScreen_Generation = YES;
				INFOPLIST_KEY_UISupportedInterfaceOrientations_iPad = "UIInterfaceOrientationPortrait UIInterfaceOrientationPortraitUpsideDown UIInterfaceOrientationLandscapeLeft UIInterfaceOrientationLandscapeRight";
				INFOPLIST_KEY_UISupportedInterfaceOrientations_iPhone = "UIInterfaceOrientationPortrait UIInterfaceOrientationLandscapeLeft UIInterfaceOrientationLandscapeRight";
				LD_RUNPATH_SEARCH_PATHS = (
					"$(inherited)",
					"@executable_path/Frameworks",
				);
				MARKETING_VERSION = 1.0;
				PRODUCT_BUNDLE_IDENTIFIER = com.shor.Friendly;
				PRODUCT_NAME = "$(TARGET_NAME)";
				SWIFT_EMIT_LOC_STRINGS = YES;
				SWIFT_VERSION = 5.0;
				TARGETED_DEVICE_FAMILY = "1,2";
			};
			name = Release;
		};
		BA8ACDD62AF4ECED00A157E1 /* Debug */ = {
			isa = XCBuildConfiguration;
			buildSettings = {
				ALWAYS_EMBED_SWIFT_STANDARD_LIBRARIES = YES;
				BUNDLE_LOADER = "$(TEST_HOST)";
				CODE_SIGN_STYLE = Automatic;
				CURRENT_PROJECT_VERSION = 1;
				DEVELOPMENT_TEAM = LMNQ8K7V9N;
				GENERATE_INFOPLIST_FILE = YES;
				IPHONEOS_DEPLOYMENT_TARGET = 16.4;
				MARKETING_VERSION = 1.0;
				PRODUCT_BUNDLE_IDENTIFIER = com.shor.FriendlyTests;
				PRODUCT_NAME = "$(TARGET_NAME)";
				SWIFT_EMIT_LOC_STRINGS = NO;
				SWIFT_VERSION = 5.0;
				TARGETED_DEVICE_FAMILY = "1,2";
				TEST_HOST = "$(BUILT_PRODUCTS_DIR)/Friendly.app/$(BUNDLE_EXECUTABLE_FOLDER_PATH)/Friendly";
			};
			name = Debug;
		};
		BA8ACDD72AF4ECED00A157E1 /* Release */ = {
			isa = XCBuildConfiguration;
			buildSettings = {
				ALWAYS_EMBED_SWIFT_STANDARD_LIBRARIES = YES;
				BUNDLE_LOADER = "$(TEST_HOST)";
				CODE_SIGN_STYLE = Automatic;
				CURRENT_PROJECT_VERSION = 1;
				DEVELOPMENT_TEAM = LMNQ8K7V9N;
				GENERATE_INFOPLIST_FILE = YES;
				IPHONEOS_DEPLOYMENT_TARGET = 16.4;
				MARKETING_VERSION = 1.0;
				PRODUCT_BUNDLE_IDENTIFIER = com.shor.FriendlyTests;
				PRODUCT_NAME = "$(TARGET_NAME)";
				SWIFT_EMIT_LOC_STRINGS = NO;
				SWIFT_VERSION = 5.0;
				TARGETED_DEVICE_FAMILY = "1,2";
				TEST_HOST = "$(BUILT_PRODUCTS_DIR)/Friendly.app/$(BUNDLE_EXECUTABLE_FOLDER_PATH)/Friendly";
			};
			name = Release;
		};
		BA8ACDD92AF4ECED00A157E1 /* Debug */ = {
			isa = XCBuildConfiguration;
			buildSettings = {
				ALWAYS_EMBED_SWIFT_STANDARD_LIBRARIES = YES;
				CODE_SIGN_STYLE = Automatic;
				CURRENT_PROJECT_VERSION = 1;
				DEVELOPMENT_TEAM = LMNQ8K7V9N;
				GENERATE_INFOPLIST_FILE = YES;
				MARKETING_VERSION = 1.0;
				PRODUCT_BUNDLE_IDENTIFIER = com.shor.FriendlyUITests;
				PRODUCT_NAME = "$(TARGET_NAME)";
				SWIFT_EMIT_LOC_STRINGS = NO;
				SWIFT_VERSION = 5.0;
				TARGETED_DEVICE_FAMILY = "1,2";
				TEST_TARGET_NAME = Friendly;
			};
			name = Debug;
		};
		BA8ACDDA2AF4ECED00A157E1 /* Release */ = {
			isa = XCBuildConfiguration;
			buildSettings = {
				ALWAYS_EMBED_SWIFT_STANDARD_LIBRARIES = YES;
				CODE_SIGN_STYLE = Automatic;
				CURRENT_PROJECT_VERSION = 1;
				DEVELOPMENT_TEAM = LMNQ8K7V9N;
				GENERATE_INFOPLIST_FILE = YES;
				MARKETING_VERSION = 1.0;
				PRODUCT_BUNDLE_IDENTIFIER = com.shor.FriendlyUITests;
				PRODUCT_NAME = "$(TARGET_NAME)";
				SWIFT_EMIT_LOC_STRINGS = NO;
				SWIFT_VERSION = 5.0;
				TARGETED_DEVICE_FAMILY = "1,2";
				TEST_TARGET_NAME = Friendly;
			};
			name = Release;
		};
		BA9FA8DD2AF4FDDC00F5CF50 /* Debug */ = {
			isa = XCBuildConfiguration;
			buildSettings = {
				CODE_SIGN_STYLE = Automatic;
				CURRENT_PROJECT_VERSION = 1;
				DEVELOPMENT_TEAM = LMNQ8K7V9N;
				GENERATE_INFOPLIST_FILE = YES;
				INFOPLIST_FILE = FriendlySwift/Info.plist;
				INFOPLIST_KEY_CFBundleDisplayName = FriendlySwift;
				INFOPLIST_KEY_NSHumanReadableCopyright = "";
				LD_RUNPATH_SEARCH_PATHS = (
					"$(inherited)",
					"@executable_path/Frameworks",
					"@executable_path/../../Frameworks",
				);
				MARKETING_VERSION = 1.0;
				PRODUCT_BUNDLE_IDENTIFIER = com.shor.Friendly.FriendlySwift;
				PRODUCT_NAME = "$(TARGET_NAME)";
				SKIP_INSTALL = YES;
				SWIFT_EMIT_LOC_STRINGS = YES;
				SWIFT_VERSION = 5.0;
				TARGETED_DEVICE_FAMILY = "1,2";
			};
			name = Debug;
		};
		BA9FA8DE2AF4FDDC00F5CF50 /* Release */ = {
			isa = XCBuildConfiguration;
			buildSettings = {
				CODE_SIGN_STYLE = Automatic;
				CURRENT_PROJECT_VERSION = 1;
				DEVELOPMENT_TEAM = LMNQ8K7V9N;
				GENERATE_INFOPLIST_FILE = YES;
				INFOPLIST_FILE = FriendlySwift/Info.plist;
				INFOPLIST_KEY_CFBundleDisplayName = FriendlySwift;
				INFOPLIST_KEY_NSHumanReadableCopyright = "";
				LD_RUNPATH_SEARCH_PATHS = (
					"$(inherited)",
					"@executable_path/Frameworks",
					"@executable_path/../../Frameworks",
				);
				MARKETING_VERSION = 1.0;
				PRODUCT_BUNDLE_IDENTIFIER = com.shor.Friendly.FriendlySwift;
				PRODUCT_NAME = "$(TARGET_NAME)";
				SKIP_INSTALL = YES;
				SWIFT_EMIT_LOC_STRINGS = YES;
				SWIFT_VERSION = 5.0;
				TARGETED_DEVICE_FAMILY = "1,2";
			};
			name = Release;
		};
/* End XCBuildConfiguration section */

/* Begin XCConfigurationList section */
		BA8ACDA92AF4ECEB00A157E1 /* Build configuration list for PBXProject "Friendly" */ = {
			isa = XCConfigurationList;
			buildConfigurations = (
				BA8ACDD02AF4ECED00A157E1 /* Debug */,
				BA8ACDD12AF4ECED00A157E1 /* Release */,
			);
			defaultConfigurationIsVisible = 0;
			defaultConfigurationName = Release;
		};
		BA8ACDD22AF4ECED00A157E1 /* Build configuration list for PBXNativeTarget "Friendly" */ = {
			isa = XCConfigurationList;
			buildConfigurations = (
				BA8ACDD32AF4ECED00A157E1 /* Debug */,
				BA8ACDD42AF4ECED00A157E1 /* Release */,
			);
			defaultConfigurationIsVisible = 0;
			defaultConfigurationName = Release;
		};
		BA8ACDD52AF4ECED00A157E1 /* Build configuration list for PBXNativeTarget "FriendlyTests" */ = {
			isa = XCConfigurationList;
			buildConfigurations = (
				BA8ACDD62AF4ECED00A157E1 /* Debug */,
				BA8ACDD72AF4ECED00A157E1 /* Release */,
			);
			defaultConfigurationIsVisible = 0;
			defaultConfigurationName = Release;
		};
		BA8ACDD82AF4ECED00A157E1 /* Build configuration list for PBXNativeTarget "FriendlyUITests" */ = {
			isa = XCConfigurationList;
			buildConfigurations = (
				BA8ACDD92AF4ECED00A157E1 /* Debug */,
				BA8ACDDA2AF4ECED00A157E1 /* Release */,
			);
			defaultConfigurationIsVisible = 0;
			defaultConfigurationName = Release;
		};
		BA9FA8DC2AF4FDDC00F5CF50 /* Build configuration list for PBXNativeTarget "FriendlySwift" */ = {
			isa = XCConfigurationList;
			buildConfigurations = (
				BA9FA8DD2AF4FDDC00F5CF50 /* Debug */,
				BA9FA8DE2AF4FDDC00F5CF50 /* Release */,
			);
			defaultConfigurationIsVisible = 0;
			defaultConfigurationName = Release;
		};
/* End XCConfigurationList section */

/* Begin XCRemoteSwiftPackageReference section */
		BA9FA8C22AF4FBB600F5CF50 /* XCRemoteSwiftPackageReference "lottie-ios" */ = {
			isa = XCRemoteSwiftPackageReference;
			repositoryURL = "https://github.com/airbnb/lottie-ios.git";
			requirement = {
				kind = upToNextMajorVersion;
				minimumVersion = 4.0.0;
			};
		};
		BA9FA8C52AF4FBEA00F5CF50 /* XCRemoteSwiftPackageReference "Moya" */ = {
			isa = XCRemoteSwiftPackageReference;
			repositoryURL = "https://github.com/Moya/Moya.git";
			requirement = {
				kind = exactVersion;
				version = 15.0.3;
			};
		};
/* End XCRemoteSwiftPackageReference section */

/* Begin XCSwiftPackageProductDependency section */
		BA9FA8C32AF4FBB600F5CF50 /* Lottie */ = {
			isa = XCSwiftPackageProductDependency;
			package = BA9FA8C22AF4FBB600F5CF50 /* XCRemoteSwiftPackageReference "lottie-ios" */;
			productName = Lottie;
		};
		BA9FA8C62AF4FBEA00F5CF50 /* CombineMoya */ = {
			isa = XCSwiftPackageProductDependency;
			package = BA9FA8C52AF4FBEA00F5CF50 /* XCRemoteSwiftPackageReference "Moya" */;
			productName = CombineMoya;
		};
		BA9FA8C82AF4FBEA00F5CF50 /* Moya */ = {
			isa = XCSwiftPackageProductDependency;
			package = BA9FA8C52AF4FBEA00F5CF50 /* XCRemoteSwiftPackageReference "Moya" */;
			productName = Moya;
		};
/* End XCSwiftPackageProductDependency section */
	};
	rootObject = BA8ACDA62AF4ECEB00A157E1 /* Project object */;
}
